{
  "pins" : [
    {
      "identity" : "swiftlykodiapi",
      "kind" : "remoteSourceControl",
      "location" : "https://github.com/Desbeers/SwiftlyKodiAPI",
      "state" : {
        "branch" : "main",
        "revision" : "9a596d73403f4bf7f28d4fe51353feda70b857d6"
      }
    }
  ],
  "version" : 2
}
