{
  "pins" : [
    {
      "identity" : "swiftlykodiapi",
      "kind" : "remoteSourceControl",
      "location" : "https://github.com/Desbeers/SwiftlyKodiAPI",
      "state" : {
        "branch" : "main",
        "revision" : "666f39f4443fab015fe175e61f12fd57536d6b01"
      }
    }
  ],
  "version" : 2
}
