{
  "pins" : [
    {
      "identity" : "swiftlykodiapi",
      "kind" : "remoteSourceControl",
      "location" : "https://github.com/Desbeers/SwiftlyKodiAPI",
      "state" : {
        "branch" : "main",
        "revision" : "f3d8ccc1aa6c11f7241925083f39bc52d13be16f"
      }
    }
  ],
  "version" : 2
}
