{
  "pins" : [
    {
      "identity" : "swiftlykodiapi",
      "kind" : "remoteSourceControl",
      "location" : "https://github.com/Desbeers/SwiftlyKodiAPI",
      "state" : {
        "branch" : "main",
        "revision" : "556b1fb71ad755bd0614627cb04907f061af7c1e"
      }
    }
  ],
  "version" : 2
}
