{
  "pins" : [
    {
      "identity" : "swiftlykodiapi",
      "kind" : "remoteSourceControl",
      "location" : "https://github.com/Desbeers/SwiftlyKodiAPI",
      "state" : {
        "branch" : "main",
        "revision" : "4518bd2ab31a38f4c1b9a6d86a279d00f40089f1"
      }
    }
  ],
  "version" : 2
}
