// !$*UTF8*$!
{
	archiveVersion = 1;
	classes = {
	};
	objectVersion = 56;
	objects = {

/* Begin PBXBuildFile section */
		D704E2D828C0CC6000A82703 /* AVKit.framework in Frameworks */ = {isa = PBXBuildFile; fileRef = D704E2D728C0CC6000A82703 /* AVKit.framework */; };
		D70E603228ABA702002309C1 /* KodioSettings.swift in Sources */ = {isa = PBXBuildFile; fileRef = D70E603128ABA702002309C1 /* KodioSettings.swift */; };
		D70E603528AC07BA002309C1 /* HelpModel.swift in Sources */ = {isa = PBXBuildFile; fileRef = D70E603428AC07BA002309C1 /* HelpModel.swift */; };
		D71E2CFE2885532700AB3BCB /* SearchView.swift in Sources */ = {isa = PBXBuildFile; fileRef = D71E2CFD2885532700AB3BCB /* SearchView.swift */; };
		D71E2D022885A8CA00AB3BCB /* MusicVideosView.swift in Sources */ = {isa = PBXBuildFile; fileRef = D71E2D012885A8CA00AB3BCB /* MusicVideosView.swift */; };
		D726F0F0289C214100FE22CD /* HelpView.swift in Sources */ = {isa = PBXBuildFile; fileRef = D726F0EF289C214100FE22CD /* HelpView.swift */; };
		D726F0F3289C22EC00FE22CD /* AboutView.swift in Sources */ = {isa = PBXBuildFile; fileRef = D726F0F2289C22EC00FE22CD /* AboutView.swift */; };
		D726F0F6289C28E700FE22CD /* MarkdownView.swift in Sources */ = {isa = PBXBuildFile; fileRef = D726F0F5289C28E700FE22CD /* MarkdownView.swift */; };
		D72EA2BE29F0600300E9DAD2 /* Parts.swift in Sources */ = {isa = PBXBuildFile; fileRef = D72EA2BD29F0600300E9DAD2 /* Parts.swift */; };
		D74CF4AA2896594300E8EC03 /* AppleScriptObjC.framework in Frameworks */ = {isa = PBXBuildFile; fileRef = D74CF4A92896594300E8EC03 /* AppleScriptObjC.framework */; };
		D74CFD312882B0D30098F873 /* ToolbarView.swift in Sources */ = {isa = PBXBuildFile; fileRef = D74CFD302882B0D30098F873 /* ToolbarView.swift */; };
		D74CFD332882D9350098F873 /* PartsView.swift in Sources */ = {isa = PBXBuildFile; fileRef = D74CFD322882D9350098F873 /* PartsView.swift */; };
		D74CFD352882EFD80098F873 /* RadioStations.swift in Sources */ = {isa = PBXBuildFile; fileRef = D74CFD342882EFD80098F873 /* RadioStations.swift */; };
		D74CFD3728832C440098F873 /* MenuBarExtraView.swift in Sources */ = {isa = PBXBuildFile; fileRef = D74CFD3628832C440098F873 /* MenuBarExtraView.swift */; };
		D75BAE75288099C300401AF3 /* MainView.swift in Sources */ = {isa = PBXBuildFile; fileRef = D75BAE74288099C300401AF3 /* MainView.swift */; };
		D75BAE8328809A0B00401AF3 /* SwiftlyKodiAPI in Frameworks */ = {isa = PBXBuildFile; productRef = D75BAE8228809A0B00401AF3 /* SwiftlyKodiAPI */; };
		D75BAE8628809B1200401AF3 /* SidebarView.swift in Sources */ = {isa = PBXBuildFile; fileRef = D75BAE8528809B1200401AF3 /* SidebarView.swift */; };
		D75BAE8828809B2600401AF3 /* BrowserView.swift in Sources */ = {isa = PBXBuildFile; fileRef = D75BAE8728809B2600401AF3 /* BrowserView.swift */; };
		D75BAE8A28809B8B00401AF3 /* AlbumsView.swift in Sources */ = {isa = PBXBuildFile; fileRef = D75BAE8928809B8B00401AF3 /* AlbumsView.swift */; };
		D760A82D29F4F86D00432606 /* MusicMatchModel+Structs.swift in Sources */ = {isa = PBXBuildFile; fileRef = D760A82C29F4F86D00432606 /* MusicMatchModel+Structs.swift */; };
		D760A82F29F4FA1300432606 /* MusicMatchModel+Enums.swift in Sources */ = {isa = PBXBuildFile; fileRef = D760A82E29F4FA1300432606 /* MusicMatchModel+Enums.swift */; };
		D762A1F728817FC0007AFF45 /* BrowserModel.swift in Sources */ = {isa = PBXBuildFile; fileRef = D762A1F628817FC0007AFF45 /* BrowserModel.swift */; };
		D762A1F92881805F007AFF45 /* GenresView.swift in Sources */ = {isa = PBXBuildFile; fileRef = D762A1F82881805F007AFF45 /* GenresView.swift */; };
		D762A1FC288181ED007AFF45 /* ButtonStyles.swift in Sources */ = {isa = PBXBuildFile; fileRef = D762A1FB288181ED007AFF45 /* ButtonStyles.swift */; };
		D762A1FE288183EF007AFF45 /* ArtistsView.swift in Sources */ = {isa = PBXBuildFile; fileRef = D762A1FD288183EF007AFF45 /* ArtistsView.swift */; };
		D762A200288187B9007AFF45 /* SongsView.swift in Sources */ = {isa = PBXBuildFile; fileRef = D762A1FF288187B9007AFF45 /* SongsView.swift */; };
		D762A2022881A6EA007AFF45 /* QueueView.swift in Sources */ = {isa = PBXBuildFile; fileRef = D762A2012881A6EA007AFF45 /* QueueView.swift */; };
		D762A2052881AB19007AFF45 /* Router.swift in Sources */ = {isa = PBXBuildFile; fileRef = D762A2042881AB19007AFF45 /* Router.swift */; };
		D762A2072881CA3F007AFF45 /* PlaylistView.swift in Sources */ = {isa = PBXBuildFile; fileRef = D762A2062881CA3F007AFF45 /* PlaylistView.swift */; };
		D79C598728A46E0A00996A6A /* AppState.swift in Sources */ = {isa = PBXBuildFile; fileRef = D79C598628A46E0A00996A6A /* AppState.swift */; };
		D79C598A28A505CA00996A6A /* StartView.swift in Sources */ = {isa = PBXBuildFile; fileRef = D79C598928A505CA00996A6A /* StartView.swift */; };
		D7A7223A2A238475009E1DE7 /* SongView.swift in Sources */ = {isa = PBXBuildFile; fileRef = D7A722392A238475009E1DE7 /* SongView.swift */; };
		D7B0F28828B22F2B008AD0D7 /* Documentation.docc in Sources */ = {isa = PBXBuildFile; fileRef = D7B0F28728B22F2B008AD0D7 /* Documentation.docc */; };
		D7B0F28A28B22F3A008AD0D7 /* Documentation.docc in CopyFiles */ = {isa = PBXBuildFile; fileRef = D7B0F28728B22F2B008AD0D7 /* Documentation.docc */; };
		D7C06EF828A79C74003A7FAB /* RotatingRecordModel.swift in Sources */ = {isa = PBXBuildFile; fileRef = D7C06EF728A79C74003A7FAB /* RotatingRecordModel.swift */; };
		D7C5B0F928A25C4A004F9465 /* SettingsView.swift in Sources */ = {isa = PBXBuildFile; fileRef = D7C5B0F828A25C4A004F9465 /* SettingsView.swift */; };
		D7CBAAA529E9C3170046C879 /* MusicMatchModel.swift in Sources */ = {isa = PBXBuildFile; fileRef = D7CBAAA429E9C3170046C879 /* MusicMatchModel.swift */; };
		D7CBAAA729E9E21E0046C879 /* MusicMatchView.swift in Sources */ = {isa = PBXBuildFile; fileRef = D7CBAAA629E9E21E0046C879 /* MusicMatchView.swift */; };
		D7D48EE128AA70CD001C7DEC /* KodioApp.swift in Sources */ = {isa = PBXBuildFile; fileRef = D7D48EE028AA70CD001C7DEC /* KodioApp.swift */; };
		D7D9FF36289015A300AF9424 /* DetailsView.swift in Sources */ = {isa = PBXBuildFile; fileRef = D7D9FF35289015A300AF9424 /* DetailsView.swift */; };
		D7D9FF3A28901DE900AF9424 /* Assets.xcassets in Resources */ = {isa = PBXBuildFile; fileRef = D75BAE76288099C400401AF3 /* Assets.xcassets */; };
		D7DB54BA297C13F800AEB373 /* HostsView.swift in Sources */ = {isa = PBXBuildFile; fileRef = D7C5B0FA28A25D01004F9465 /* HostsView.swift */; };
		D7E3B27728959661007BB419 /* MusicBridge.swift in Sources */ = {isa = PBXBuildFile; fileRef = D7E3B27628959661007BB419 /* MusicBridge.swift */; };
		D7E3B27928959685007BB419 /* MusicBridge.applescript in Sources */ = {isa = PBXBuildFile; fileRef = D7E3B27828959685007BB419 /* MusicBridge.applescript */; };
		D7FEE71729FE8E280085C610 /* AppDelegate.swift in Sources */ = {isa = PBXBuildFile; fileRef = D7FEE71629FE8E280085C610 /* AppDelegate.swift */; };
		D7FEE71B2A056D880085C610 /* HeaderView.swift in Sources */ = {isa = PBXBuildFile; fileRef = D7FEE71A2A056D880085C610 /* HeaderView.swift */; };
/* End PBXBuildFile section */

/* Begin PBXCopyFilesBuildPhase section */
		D7AD41D428A93E51002573D1 /* CopyFiles */ = {
			isa = PBXCopyFilesBuildPhase;
			buildActionMask = 12;
			dstPath = "";
			dstSubfolderSpec = 7;
			files = (
				D7B0F28A28B22F3A008AD0D7 /* Documentation.docc in CopyFiles */,
			);
			runOnlyForDeploymentPostprocessing = 0;
		};
/* End PBXCopyFilesBuildPhase section */

/* Begin PBXFileReference section */
		D704E2D728C0CC6000A82703 /* AVKit.framework */ = {isa = PBXFileReference; lastKnownFileType = wrapper.framework; name = AVKit.framework; path = System/Library/Frameworks/AVKit.framework; sourceTree = SDKROOT; };
		D70E603128ABA702002309C1 /* KodioSettings.swift */ = {isa = PBXFileReference; lastKnownFileType = sourcecode.swift; path = KodioSettings.swift; sourceTree = "<group>"; };
		D70E603428AC07BA002309C1 /* HelpModel.swift */ = {isa = PBXFileReference; lastKnownFileType = sourcecode.swift; path = HelpModel.swift; sourceTree = "<group>"; };
		D71E2CFD2885532700AB3BCB /* SearchView.swift */ = {isa = PBXFileReference; lastKnownFileType = sourcecode.swift; path = SearchView.swift; sourceTree = "<group>"; };
		D71E2D012885A8CA00AB3BCB /* MusicVideosView.swift */ = {isa = PBXFileReference; lastKnownFileType = sourcecode.swift; path = MusicVideosView.swift; sourceTree = "<group>"; };
		D726F0EF289C214100FE22CD /* HelpView.swift */ = {isa = PBXFileReference; lastKnownFileType = sourcecode.swift; path = HelpView.swift; sourceTree = "<group>"; };
		D726F0F2289C22EC00FE22CD /* AboutView.swift */ = {isa = PBXFileReference; lastKnownFileType = sourcecode.swift; path = AboutView.swift; sourceTree = "<group>"; };
		D726F0F5289C28E700FE22CD /* MarkdownView.swift */ = {isa = PBXFileReference; lastKnownFileType = sourcecode.swift; path = MarkdownView.swift; sourceTree = "<group>"; };
		D72EA2BD29F0600300E9DAD2 /* Parts.swift */ = {isa = PBXFileReference; lastKnownFileType = sourcecode.swift; path = Parts.swift; sourceTree = "<group>"; };
		D74CF4A92896594300E8EC03 /* AppleScriptObjC.framework */ = {isa = PBXFileReference; lastKnownFileType = wrapper.framework; name = AppleScriptObjC.framework; path = System/Library/Frameworks/AppleScriptObjC.framework; sourceTree = SDKROOT; };
		D74CFD302882B0D30098F873 /* ToolbarView.swift */ = {isa = PBXFileReference; lastKnownFileType = sourcecode.swift; path = ToolbarView.swift; sourceTree = "<group>"; };
		D74CFD322882D9350098F873 /* PartsView.swift */ = {isa = PBXFileReference; lastKnownFileType = sourcecode.swift; path = PartsView.swift; sourceTree = "<group>"; };
		D74CFD342882EFD80098F873 /* RadioStations.swift */ = {isa = PBXFileReference; lastKnownFileType = sourcecode.swift; path = RadioStations.swift; sourceTree = "<group>"; };
		D74CFD3628832C440098F873 /* MenuBarExtraView.swift */ = {isa = PBXFileReference; lastKnownFileType = sourcecode.swift; path = MenuBarExtraView.swift; sourceTree = "<group>"; };
		D75BAE6F288099C300401AF3 /* Kodio.app */ = {isa = PBXFileReference; explicitFileType = wrapper.application; includeInIndex = 0; path = Kodio.app; sourceTree = BUILT_PRODUCTS_DIR; };
		D75BAE74288099C300401AF3 /* MainView.swift */ = {isa = PBXFileReference; lastKnownFileType = sourcecode.swift; path = MainView.swift; sourceTree = "<group>"; };
		D75BAE76288099C400401AF3 /* Assets.xcassets */ = {isa = PBXFileReference; lastKnownFileType = folder.assetcatalog; path = Assets.xcassets; sourceTree = "<group>"; };
		D75BAE7B288099C400401AF3 /* Kodio.entitlements */ = {isa = PBXFileReference; lastKnownFileType = text.plist.entitlements; path = Kodio.entitlements; sourceTree = "<group>"; };
		D75BAE8528809B1200401AF3 /* SidebarView.swift */ = {isa = PBXFileReference; lastKnownFileType = sourcecode.swift; path = SidebarView.swift; sourceTree = "<group>"; };
		D75BAE8728809B2600401AF3 /* BrowserView.swift */ = {isa = PBXFileReference; lastKnownFileType = sourcecode.swift; path = BrowserView.swift; sourceTree = "<group>"; };
		D75BAE8928809B8B00401AF3 /* AlbumsView.swift */ = {isa = PBXFileReference; lastKnownFileType = sourcecode.swift; path = AlbumsView.swift; sourceTree = "<group>"; };
		D760A82C29F4F86D00432606 /* MusicMatchModel+Structs.swift */ = {isa = PBXFileReference; lastKnownFileType = sourcecode.swift; path = "MusicMatchModel+Structs.swift"; sourceTree = "<group>"; };
		D760A82E29F4FA1300432606 /* MusicMatchModel+Enums.swift */ = {isa = PBXFileReference; lastKnownFileType = sourcecode.swift; path = "MusicMatchModel+Enums.swift"; sourceTree = "<group>"; };
		D762A1F628817FC0007AFF45 /* BrowserModel.swift */ = {isa = PBXFileReference; lastKnownFileType = sourcecode.swift; path = BrowserModel.swift; sourceTree = "<group>"; };
		D762A1F82881805F007AFF45 /* GenresView.swift */ = {isa = PBXFileReference; lastKnownFileType = sourcecode.swift; path = GenresView.swift; sourceTree = "<group>"; };
		D762A1FB288181ED007AFF45 /* ButtonStyles.swift */ = {isa = PBXFileReference; lastKnownFileType = sourcecode.swift; path = ButtonStyles.swift; sourceTree = "<group>"; };
		D762A1FD288183EF007AFF45 /* ArtistsView.swift */ = {isa = PBXFileReference; fileEncoding = 4; lastKnownFileType = sourcecode.swift; path = ArtistsView.swift; sourceTree = "<group>"; };
		D762A1FF288187B9007AFF45 /* SongsView.swift */ = {isa = PBXFileReference; fileEncoding = 4; lastKnownFileType = sourcecode.swift; path = SongsView.swift; sourceTree = "<group>"; };
		D762A2012881A6EA007AFF45 /* QueueView.swift */ = {isa = PBXFileReference; lastKnownFileType = sourcecode.swift; path = QueueView.swift; sourceTree = "<group>"; };
		D762A2042881AB19007AFF45 /* Router.swift */ = {isa = PBXFileReference; lastKnownFileType = sourcecode.swift; path = Router.swift; sourceTree = "<group>"; };
		D762A2062881CA3F007AFF45 /* PlaylistView.swift */ = {isa = PBXFileReference; lastKnownFileType = sourcecode.swift; path = PlaylistView.swift; sourceTree = "<group>"; };
		D777CFF328A28FE60098D8AD /* Kodio.plist */ = {isa = PBXFileReference; fileEncoding = 4; lastKnownFileType = text.plist.xml; path = Kodio.plist; sourceTree = "<group>"; };
		D79C598628A46E0A00996A6A /* AppState.swift */ = {isa = PBXFileReference; lastKnownFileType = sourcecode.swift; path = AppState.swift; sourceTree = "<group>"; };
		D79C598928A505CA00996A6A /* StartView.swift */ = {isa = PBXFileReference; lastKnownFileType = sourcecode.swift; path = StartView.swift; sourceTree = "<group>"; };
		D7A722392A238475009E1DE7 /* SongView.swift */ = {isa = PBXFileReference; lastKnownFileType = sourcecode.swift; path = SongView.swift; sourceTree = "<group>"; };
		D7B0F28728B22F2B008AD0D7 /* Documentation.docc */ = {isa = PBXFileReference; lastKnownFileType = folder.documentationcatalog; path = Documentation.docc; sourceTree = "<group>"; };
		D7C06EF728A79C74003A7FAB /* RotatingRecordModel.swift */ = {isa = PBXFileReference; lastKnownFileType = sourcecode.swift; path = RotatingRecordModel.swift; sourceTree = "<group>"; };
		D7C5B0F828A25C4A004F9465 /* SettingsView.swift */ = {isa = PBXFileReference; lastKnownFileType = sourcecode.swift; path = SettingsView.swift; sourceTree = "<group>"; };
		D7C5B0FA28A25D01004F9465 /* HostsView.swift */ = {isa = PBXFileReference; lastKnownFileType = sourcecode.swift; path = HostsView.swift; sourceTree = "<group>"; };
		D7CBAAA429E9C3170046C879 /* MusicMatchModel.swift */ = {isa = PBXFileReference; lastKnownFileType = sourcecode.swift; path = MusicMatchModel.swift; sourceTree = "<group>"; };
		D7CBAAA629E9E21E0046C879 /* MusicMatchView.swift */ = {isa = PBXFileReference; lastKnownFileType = sourcecode.swift; path = MusicMatchView.swift; sourceTree = "<group>"; };
		D7D48EE028AA70CD001C7DEC /* KodioApp.swift */ = {isa = PBXFileReference; fileEncoding = 4; lastKnownFileType = sourcecode.swift; path = KodioApp.swift; sourceTree = "<group>"; };
		D7D9FF35289015A300AF9424 /* DetailsView.swift */ = {isa = PBXFileReference; lastKnownFileType = sourcecode.swift; path = DetailsView.swift; sourceTree = "<group>"; };
		D7E3B27628959661007BB419 /* MusicBridge.swift */ = {isa = PBXFileReference; lastKnownFileType = sourcecode.swift; path = MusicBridge.swift; sourceTree = "<group>"; };
		D7E3B27828959685007BB419 /* MusicBridge.applescript */ = {isa = PBXFileReference; lastKnownFileType = sourcecode.applescript; path = MusicBridge.applescript; sourceTree = "<group>"; };
		D7FEE71629FE8E280085C610 /* AppDelegate.swift */ = {isa = PBXFileReference; lastKnownFileType = sourcecode.swift; path = AppDelegate.swift; sourceTree = "<group>"; };
		D7FEE71A2A056D880085C610 /* HeaderView.swift */ = {isa = PBXFileReference; lastKnownFileType = sourcecode.swift; path = HeaderView.swift; sourceTree = "<group>"; };
/* End PBXFileReference section */

/* Begin PBXFrameworksBuildPhase section */
		D75BAE6C288099C300401AF3 /* Frameworks */ = {
			isa = PBXFrameworksBuildPhase;
			buildActionMask = 2147483647;
			files = (
				D704E2D828C0CC6000A82703 /* AVKit.framework in Frameworks */,
				D74CF4AA2896594300E8EC03 /* AppleScriptObjC.framework in Frameworks */,
				D75BAE8328809A0B00401AF3 /* SwiftlyKodiAPI in Frameworks */,
			);
			runOnlyForDeploymentPostprocessing = 0;
		};
/* End PBXFrameworksBuildPhase section */

/* Begin PBXGroup section */
		D74CF4A82896594200E8EC03 /* Frameworks */ = {
			isa = PBXGroup;
			children = (
				D704E2D728C0CC6000A82703 /* AVKit.framework */,
				D74CF4A92896594300E8EC03 /* AppleScriptObjC.framework */,
			);
			name = Frameworks;
			sourceTree = "<group>";
		};
		D75BAE66288099C300401AF3 = {
			isa = PBXGroup;
			children = (
				D75BAE71288099C300401AF3 /* Kodio */,
				D75BAE70288099C300401AF3 /* Products */,
				D74CF4A82896594200E8EC03 /* Frameworks */,
			);
			sourceTree = "<group>";
		};
		D75BAE70288099C300401AF3 /* Products */ = {
			isa = PBXGroup;
			children = (
				D75BAE6F288099C300401AF3 /* Kodio.app */,
			);
			name = Products;
			sourceTree = "<group>";
		};
		D75BAE71288099C300401AF3 /* Kodio */ = {
			isa = PBXGroup;
			children = (
				D762A2032881AAEC007AFF45 /* General */,
				D7E3B27A28959692007BB419 /* MusicMatch */,
				D75BAE8B28809BD000401AF3 /* Views */,
				D762A1FA288181E2007AFF45 /* Styles */,
			);
			path = Kodio;
			sourceTree = "<group>";
		};
		D75BAE8B28809BD000401AF3 /* Views */ = {
			isa = PBXGroup;
			children = (
				D79C598928A505CA00996A6A /* StartView.swift */,
				D75BAE74288099C300401AF3 /* MainView.swift */,
				D75BAE8528809B1200401AF3 /* SidebarView.swift */,
				D75BAE8728809B2600401AF3 /* BrowserView.swift */,
				D762A1F82881805F007AFF45 /* GenresView.swift */,
				D762A1FD288183EF007AFF45 /* ArtistsView.swift */,
				D75BAE8928809B8B00401AF3 /* AlbumsView.swift */,
				D7FEE71A2A056D880085C610 /* HeaderView.swift */,
				D762A1FF288187B9007AFF45 /* SongsView.swift */,
				D7A722392A238475009E1DE7 /* SongView.swift */,
				D762A2012881A6EA007AFF45 /* QueueView.swift */,
				D762A2062881CA3F007AFF45 /* PlaylistView.swift */,
				D71E2D012885A8CA00AB3BCB /* MusicVideosView.swift */,
				D71E2CFD2885532700AB3BCB /* SearchView.swift */,
				D7D9FF35289015A300AF9424 /* DetailsView.swift */,
				D726F0F2289C22EC00FE22CD /* AboutView.swift */,
				D726F0EF289C214100FE22CD /* HelpView.swift */,
				D7C5B0F828A25C4A004F9465 /* SettingsView.swift */,
				D7C5B0FA28A25D01004F9465 /* HostsView.swift */,
				D74CFD3628832C440098F873 /* MenuBarExtraView.swift */,
				D74CFD302882B0D30098F873 /* ToolbarView.swift */,
				D74CFD322882D9350098F873 /* PartsView.swift */,
				D726F0F5289C28E700FE22CD /* MarkdownView.swift */,
			);
			path = Views;
			sourceTree = "<group>";
		};
		D762A1FA288181E2007AFF45 /* Styles */ = {
			isa = PBXGroup;
			children = (
				D762A1FB288181ED007AFF45 /* ButtonStyles.swift */,
			);
			path = Styles;
			sourceTree = "<group>";
		};
		D762A2032881AAEC007AFF45 /* General */ = {
			isa = PBXGroup;
			children = (
				D7D48EE028AA70CD001C7DEC /* KodioApp.swift */,
				D7FEE71629FE8E280085C610 /* AppDelegate.swift */,
				D79C598628A46E0A00996A6A /* AppState.swift */,
				D762A2042881AB19007AFF45 /* Router.swift */,
				D762A1F628817FC0007AFF45 /* BrowserModel.swift */,
				D70E603428AC07BA002309C1 /* HelpModel.swift */,
				D7C06EF728A79C74003A7FAB /* RotatingRecordModel.swift */,
				D70E603128ABA702002309C1 /* KodioSettings.swift */,
				D74CFD342882EFD80098F873 /* RadioStations.swift */,
				D72EA2BD29F0600300E9DAD2 /* Parts.swift */,
				D75BAE76288099C400401AF3 /* Assets.xcassets */,
				D7B0F28728B22F2B008AD0D7 /* Documentation.docc */,
				D75BAE7B288099C400401AF3 /* Kodio.entitlements */,
				D777CFF328A28FE60098D8AD /* Kodio.plist */,
			);
			path = General;
			sourceTree = "<group>";
		};
		D7E3B27A28959692007BB419 /* MusicMatch */ = {
			isa = PBXGroup;
			children = (
				D7CBAAA429E9C3170046C879 /* MusicMatchModel.swift */,
				D760A82C29F4F86D00432606 /* MusicMatchModel+Structs.swift */,
				D760A82E29F4FA1300432606 /* MusicMatchModel+Enums.swift */,
				D7CBAAA629E9E21E0046C879 /* MusicMatchView.swift */,
				D7E3B27628959661007BB419 /* MusicBridge.swift */,
				D7E3B27828959685007BB419 /* MusicBridge.applescript */,
			);
			path = MusicMatch;
			sourceTree = "<group>";
		};
/* End PBXGroup section */

/* Begin PBXNativeTarget section */
		D75BAE6E288099C300401AF3 /* Kodio */ = {
			isa = PBXNativeTarget;
			buildConfigurationList = D75BAE7E288099C400401AF3 /* Build configuration list for PBXNativeTarget "Kodio" */;
			buildPhases = (
				D75BAE6B288099C300401AF3 /* Sources */,
				D75BAE6C288099C300401AF3 /* Frameworks */,
				D75BAE6D288099C300401AF3 /* Resources */,
				D7AD41D428A93E51002573D1 /* CopyFiles */,
				D7B0F28F28B2472D008AD0D7 /* ShellScript */,
			);
			buildRules = (
			);
			dependencies = (
			);
			name = Kodio;
			packageProductDependencies = (
				D75BAE8228809A0B00401AF3 /* SwiftlyKodiAPI */,
			);
			productName = Kodio;
			productReference = D75BAE6F288099C300401AF3 /* Kodio.app */;
			productType = "com.apple.product-type.application";
		};
/* End PBXNativeTarget section */

/* Begin PBXProject section */
		D75BAE67288099C300401AF3 /* Project object */ = {
			isa = PBXProject;
			attributes = {
				BuildIndependentTargetsInParallel = 1;
				LastSwiftUpdateCheck = 1400;
				LastUpgradeCheck = 1410;
				TargetAttributes = {
					D75BAE6E288099C300401AF3 = {
						CreatedOnToolsVersion = 14.0;
					};
				};
			};
			buildConfigurationList = D75BAE6A288099C300401AF3 /* Build configuration list for PBXProject "Kodio" */;
			compatibilityVersion = "Xcode 14.0";
			developmentRegion = en;
			hasScannedForEncodings = 0;
			knownRegions = (
				en,
				Base,
			);
			mainGroup = D75BAE66288099C300401AF3;
			packageReferences = (
				D75BAE8128809A0B00401AF3 /* XCRemoteSwiftPackageReference "SwiftlyKodiAPI" */,
			);
			productRefGroup = D75BAE70288099C300401AF3 /* Products */;
			projectDirPath = "";
			projectRoot = "";
			targets = (
				D75BAE6E288099C300401AF3 /* Kodio */,
			);
		};
/* End PBXProject section */

/* Begin PBXResourcesBuildPhase section */
		D75BAE6D288099C300401AF3 /* Resources */ = {
			isa = PBXResourcesBuildPhase;
			buildActionMask = 2147483647;
			files = (
				D7D9FF3A28901DE900AF9424 /* Assets.xcassets in Resources */,
			);
			runOnlyForDeploymentPostprocessing = 0;
		};
/* End PBXResourcesBuildPhase section */

/* Begin PBXShellScriptBuildPhase section */
		D7B0F28F28B2472D008AD0D7 /* ShellScript */ = {
			isa = PBXShellScriptBuildPhase;
			alwaysOutOfDate = 1;
			buildActionMask = 2147483647;
			files = (
			);
			inputFileListPaths = (
			);
			inputPaths = (
			);
			outputFileListPaths = (
			);
			outputPaths = (
			);
			runOnlyForDeploymentPostprocessing = 0;
			shellPath = /bin/sh;
			shellScript = "if which /opt/homebrew/bin/swiftlint >/dev/null; then\n  # swiftlint --enable-all-rules\n  # swiftlint autocorrect\n  /opt/homebrew/bin/swiftlint\nelse\n  echo \"warning: SwiftLint not installed, download from https://github.com/realm/SwiftLint\"\nfi\n";
		};
/* End PBXShellScriptBuildPhase section */

/* Begin PBXSourcesBuildPhase section */
		D75BAE6B288099C300401AF3 /* Sources */ = {
			isa = PBXSourcesBuildPhase;
			buildActionMask = 2147483647;
			files = (
				D71E2CFE2885532700AB3BCB /* SearchView.swift in Sources */,
				D75BAE75288099C300401AF3 /* MainView.swift in Sources */,
				D762A2022881A6EA007AFF45 /* QueueView.swift in Sources */,
				D75BAE8A28809B8B00401AF3 /* AlbumsView.swift in Sources */,
				D70E603528AC07BA002309C1 /* HelpModel.swift in Sources */,
				D79C598728A46E0A00996A6A /* AppState.swift in Sources */,
				D762A2052881AB19007AFF45 /* Router.swift in Sources */,
				D7CBAAA529E9C3170046C879 /* MusicMatchModel.swift in Sources */,
				D74CFD352882EFD80098F873 /* RadioStations.swift in Sources */,
				D7B0F28828B22F2B008AD0D7 /* Documentation.docc in Sources */,
				D762A200288187B9007AFF45 /* SongsView.swift in Sources */,
				D762A2072881CA3F007AFF45 /* PlaylistView.swift in Sources */,
				D7D9FF36289015A300AF9424 /* DetailsView.swift in Sources */,
				D762A1FE288183EF007AFF45 /* ArtistsView.swift in Sources */,
				D7E3B27728959661007BB419 /* MusicBridge.swift in Sources */,
				D7FEE71B2A056D880085C610 /* HeaderView.swift in Sources */,
				D7C5B0F928A25C4A004F9465 /* SettingsView.swift in Sources */,
				D79C598A28A505CA00996A6A /* StartView.swift in Sources */,
				D726F0F0289C214100FE22CD /* HelpView.swift in Sources */,
				D762A1F728817FC0007AFF45 /* BrowserModel.swift in Sources */,
				D74CFD3728832C440098F873 /* MenuBarExtraView.swift in Sources */,
				D75BAE8628809B1200401AF3 /* SidebarView.swift in Sources */,
				D7FEE71729FE8E280085C610 /* AppDelegate.swift in Sources */,
				D70E603228ABA702002309C1 /* KodioSettings.swift in Sources */,
				D760A82D29F4F86D00432606 /* MusicMatchModel+Structs.swift in Sources */,
				D74CFD312882B0D30098F873 /* ToolbarView.swift in Sources */,
				D7E3B27928959685007BB419 /* MusicBridge.applescript in Sources */,
				D7CBAAA729E9E21E0046C879 /* MusicMatchView.swift in Sources */,
				D7A7223A2A238475009E1DE7 /* SongView.swift in Sources */,
				D7DB54BA297C13F800AEB373 /* HostsView.swift in Sources */,
				D762A1FC288181ED007AFF45 /* ButtonStyles.swift in Sources */,
				D726F0F3289C22EC00FE22CD /* AboutView.swift in Sources */,
				D7D48EE128AA70CD001C7DEC /* KodioApp.swift in Sources */,
				D760A82F29F4FA1300432606 /* MusicMatchModel+Enums.swift in Sources */,
				D7C06EF828A79C74003A7FAB /* RotatingRecordModel.swift in Sources */,
				D762A1F92881805F007AFF45 /* GenresView.swift in Sources */,
				D726F0F6289C28E700FE22CD /* MarkdownView.swift in Sources */,
				D72EA2BE29F0600300E9DAD2 /* Parts.swift in Sources */,
				D71E2D022885A8CA00AB3BCB /* MusicVideosView.swift in Sources */,
				D75BAE8828809B2600401AF3 /* BrowserView.swift in Sources */,
				D74CFD332882D9350098F873 /* PartsView.swift in Sources */,
			);
			runOnlyForDeploymentPostprocessing = 0;
		};
/* End PBXSourcesBuildPhase section */

/* Begin XCBuildConfiguration section */
		D75BAE7C288099C400401AF3 /* Debug */ = {
			isa = XCBuildConfiguration;
			buildSettings = {
				ALWAYS_SEARCH_USER_PATHS = NO;
				CLANG_ANALYZER_NONNULL = YES;
				CLANG_ANALYZER_NUMBER_OBJECT_CONVERSION = YES_AGGRESSIVE;
				CLANG_CXX_LANGUAGE_STANDARD = "gnu++20";
				CLANG_ENABLE_MODULES = YES;
				CLANG_ENABLE_OBJC_ARC = YES;
				CLANG_ENABLE_OBJC_WEAK = YES;
				CLANG_WARN_BLOCK_CAPTURE_AUTORELEASING = YES;
				CLANG_WARN_BOOL_CONVERSION = YES;
				CLANG_WARN_COMMA = YES;
				CLANG_WARN_CONSTANT_CONVERSION = YES;
				CLANG_WARN_DEPRECATED_OBJC_IMPLEMENTATIONS = YES;
				CLANG_WARN_DIRECT_OBJC_ISA_USAGE = YES_ERROR;
				CLANG_WARN_DOCUMENTATION_COMMENTS = YES;
				CLANG_WARN_EMPTY_BODY = YES;
				CLANG_WARN_ENUM_CONVERSION = YES;
				CLANG_WARN_INFINITE_RECURSION = YES;
				CLANG_WARN_INT_CONVERSION = YES;
				CLANG_WARN_NON_LITERAL_NULL_CONVERSION = YES;
				CLANG_WARN_OBJC_IMPLICIT_RETAIN_SELF = YES;
				CLANG_WARN_OBJC_LITERAL_CONVERSION = YES;
				CLANG_WARN_OBJC_ROOT_CLASS = YES_ERROR;
				CLANG_WARN_QUOTED_INCLUDE_IN_FRAMEWORK_HEADER = YES;
				CLANG_WARN_RANGE_LOOP_ANALYSIS = YES;
				CLANG_WARN_STRICT_PROTOTYPES = YES;
				CLANG_WARN_SUSPICIOUS_MOVE = YES;
				CLANG_WARN_UNGUARDED_AVAILABILITY = YES_AGGRESSIVE;
				CLANG_WARN_UNREACHABLE_CODE = YES;
				CLANG_WARN__DUPLICATE_METHOD_MATCH = YES;
				COPY_PHASE_STRIP = NO;
				DEAD_CODE_STRIPPING = YES;
				DEBUG_INFORMATION_FORMAT = dwarf;
				ENABLE_STRICT_OBJC_MSGSEND = YES;
				ENABLE_TESTABILITY = YES;
				GCC_C_LANGUAGE_STANDARD = gnu11;
				GCC_DYNAMIC_NO_PIC = NO;
				GCC_NO_COMMON_BLOCKS = YES;
				GCC_OPTIMIZATION_LEVEL = 0;
				GCC_PREPROCESSOR_DEFINITIONS = (
					"DEBUG=1",
					"$(inherited)",
				);
				GCC_WARN_64_TO_32_BIT_CONVERSION = YES;
				GCC_WARN_ABOUT_RETURN_TYPE = YES_ERROR;
				GCC_WARN_UNDECLARED_SELECTOR = YES;
				GCC_WARN_UNINITIALIZED_AUTOS = YES_AGGRESSIVE;
				GCC_WARN_UNUSED_FUNCTION = YES;
				GCC_WARN_UNUSED_VARIABLE = YES;
				MACOSX_DEPLOYMENT_TARGET = 13.0;
				MTL_ENABLE_DEBUG_INFO = INCLUDE_SOURCE;
				MTL_FAST_MATH = YES;
				ONLY_ACTIVE_ARCH = YES;
				SDKROOT = macosx;
				SWIFT_ACTIVE_COMPILATION_CONDITIONS = DEBUG;
				SWIFT_OPTIMIZATION_LEVEL = "-Onone";
			};
			name = Debug;
		};
		D75BAE7D288099C400401AF3 /* Release */ = {
			isa = XCBuildConfiguration;
			buildSettings = {
				ALWAYS_SEARCH_USER_PATHS = NO;
				CLANG_ANALYZER_NONNULL = YES;
				CLANG_ANALYZER_NUMBER_OBJECT_CONVERSION = YES_AGGRESSIVE;
				CLANG_CXX_LANGUAGE_STANDARD = "gnu++20";
				CLANG_ENABLE_MODULES = YES;
				CLANG_ENABLE_OBJC_ARC = YES;
				CLANG_ENABLE_OBJC_WEAK = YES;
				CLANG_WARN_BLOCK_CAPTURE_AUTORELEASING = YES;
				CLANG_WARN_BOOL_CONVERSION = YES;
				CLANG_WARN_COMMA = YES;
				CLANG_WARN_CONSTANT_CONVERSION = YES;
				CLANG_WARN_DEPRECATED_OBJC_IMPLEMENTATIONS = YES;
				CLANG_WARN_DIRECT_OBJC_ISA_USAGE = YES_ERROR;
				CLANG_WARN_DOCUMENTATION_COMMENTS = YES;
				CLANG_WARN_EMPTY_BODY = YES;
				CLANG_WARN_ENUM_CONVERSION = YES;
				CLANG_WARN_INFINITE_RECURSION = YES;
				CLANG_WARN_INT_CONVERSION = YES;
				CLANG_WARN_NON_LITERAL_NULL_CONVERSION = YES;
				CLANG_WARN_OBJC_IMPLICIT_RETAIN_SELF = YES;
				CLANG_WARN_OBJC_LITERAL_CONVERSION = YES;
				CLANG_WARN_OBJC_ROOT_CLASS = YES_ERROR;
				CLANG_WARN_QUOTED_INCLUDE_IN_FRAMEWORK_HEADER = YES;
				CLANG_WARN_RANGE_LOOP_ANALYSIS = YES;
				CLANG_WARN_STRICT_PROTOTYPES = YES;
				CLANG_WARN_SUSPICIOUS_MOVE = YES;
				CLANG_WARN_UNGUARDED_AVAILABILITY = YES_AGGRESSIVE;
				CLANG_WARN_UNREACHABLE_CODE = YES;
				CLANG_WARN__DUPLICATE_METHOD_MATCH = YES;
				COPY_PHASE_STRIP = NO;
				DEAD_CODE_STRIPPING = YES;
				DEBUG_INFORMATION_FORMAT = "dwarf-with-dsym";
				ENABLE_NS_ASSERTIONS = NO;
				ENABLE_STRICT_OBJC_MSGSEND = YES;
				GCC_C_LANGUAGE_STANDARD = gnu11;
				GCC_NO_COMMON_BLOCKS = YES;
				GCC_OPTIMIZATION_LEVEL = fast;
				GCC_WARN_64_TO_32_BIT_CONVERSION = YES;
				GCC_WARN_ABOUT_RETURN_TYPE = YES_ERROR;
				GCC_WARN_UNDECLARED_SELECTOR = YES;
				GCC_WARN_UNINITIALIZED_AUTOS = YES_AGGRESSIVE;
				GCC_WARN_UNUSED_FUNCTION = YES;
				GCC_WARN_UNUSED_VARIABLE = YES;
				MACOSX_DEPLOYMENT_TARGET = 13.0;
				MTL_ENABLE_DEBUG_INFO = NO;
				MTL_FAST_MATH = YES;
				SDKROOT = macosx;
				SWIFT_COMPILATION_MODE = wholemodule;
				SWIFT_OPTIMIZATION_LEVEL = "-O";
			};
			name = Release;
		};
		D75BAE7F288099C400401AF3 /* Debug */ = {
			isa = XCBuildConfiguration;
			buildSettings = {
				ASSETCATALOG_COMPILER_APPICON_NAME = AppIconMac;
				ASSETCATALOG_COMPILER_GLOBAL_ACCENT_COLOR_NAME = AccentColor;
				ASSETCATALOG_COMPILER_INCLUDE_ALL_APPICON_ASSETS = YES;
				CLANG_USE_OPTIMIZATION_PROFILE = YES;
				CODE_SIGN_ENTITLEMENTS = Kodio/General/Kodio.entitlements;
				CODE_SIGN_IDENTITY = "-";
				CODE_SIGN_STYLE = Automatic;
				COMBINE_HIDPI_IMAGES = YES;
				CURRENT_PROJECT_VERSION = 1;
				DEAD_CODE_STRIPPING = YES;
				DEVELOPMENT_ASSET_PATHS = "";
				DEVELOPMENT_TEAM = FHPCJ7396C;
				ENABLE_APP_SANDBOX = YES;
				ENABLE_HARDENED_RUNTIME = YES;
				ENABLE_PREVIEWS = YES;
				GENERATE_INFOPLIST_FILE = YES;
				INFOPLIST_FILE = Kodio/General/Kodio.plist;
				INFOPLIST_KEY_CFBundleDisplayName = "";
				INFOPLIST_KEY_LSApplicationCategoryType = "public.app-category.music";
				INFOPLIST_KEY_NSAppleEventsUsageDescription = "Sync data between Music and Kodi";
				INFOPLIST_KEY_NSHumanReadableCopyright = "";
				INFOPLIST_KEY_NSLocalNetworkUsageDescription = "Discover Kodi hosts";
				LD_RUNPATH_SEARCH_PATHS = (
					"$(inherited)",
					"@executable_path/../Frameworks",
				);
				MACOSX_DEPLOYMENT_TARGET = 13.3;
				MARKETING_VERSION = 4.0;
				PRODUCT_BUNDLE_IDENTIFIER = nl.desbeers.Kodio;
				PRODUCT_NAME = "$(TARGET_NAME)";
				SUPPORTED_PLATFORMS = macosx;
				SUPPORTS_MACCATALYST = NO;
				SUPPORTS_MAC_DESIGNED_FOR_IPHONE_IPAD = NO;
				SWIFT_EMIT_LOC_STRINGS = YES;
				SWIFT_STRICT_CONCURRENCY = complete;
				SWIFT_VERSION = 5.0;
			};
			name = Debug;
		};
		D75BAE80288099C400401AF3 /* Release */ = {
			isa = XCBuildConfiguration;
			buildSettings = {
				ASSETCATALOG_COMPILER_APPICON_NAME = AppIconMac;
				ASSETCATALOG_COMPILER_GLOBAL_ACCENT_COLOR_NAME = AccentColor;
				ASSETCATALOG_COMPILER_INCLUDE_ALL_APPICON_ASSETS = YES;
				CLANG_USE_OPTIMIZATION_PROFILE = YES;
				CODE_SIGN_ENTITLEMENTS = Kodio/General/Kodio.entitlements;
				CODE_SIGN_IDENTITY = "-";
				CODE_SIGN_STYLE = Automatic;
				COMBINE_HIDPI_IMAGES = YES;
				CURRENT_PROJECT_VERSION = 1;
				DEAD_CODE_STRIPPING = YES;
				DEVELOPMENT_ASSET_PATHS = "";
				DEVELOPMENT_TEAM = FHPCJ7396C;
				ENABLE_APP_SANDBOX = YES;
				ENABLE_HARDENED_RUNTIME = YES;
				ENABLE_PREVIEWS = YES;
				GENERATE_INFOPLIST_FILE = YES;
				INFOPLIST_FILE = Kodio/General/Kodio.plist;
				INFOPLIST_KEY_CFBundleDisplayName = "";
				INFOPLIST_KEY_LSApplicationCategoryType = "public.app-category.music";
				INFOPLIST_KEY_NSAppleEventsUsageDescription = "Sync data between Music and Kodi";
				INFOPLIST_KEY_NSHumanReadableCopyright = "";
				INFOPLIST_KEY_NSLocalNetworkUsageDescription = "Discover Kodi hosts";
				LD_RUNPATH_SEARCH_PATHS = (
					"$(inherited)",
					"@executable_path/../Frameworks",
				);
				MACOSX_DEPLOYMENT_TARGET = 13.3;
				MARKETING_VERSION = 4.0;
				PRODUCT_BUNDLE_IDENTIFIER = nl.desbeers.Kodio;
				PRODUCT_NAME = "$(TARGET_NAME)";
				SUPPORTED_PLATFORMS = macosx;
				SUPPORTS_MACCATALYST = NO;
				SUPPORTS_MAC_DESIGNED_FOR_IPHONE_IPAD = NO;
				SWIFT_EMIT_LOC_STRINGS = YES;
				SWIFT_STRICT_CONCURRENCY = complete;
				SWIFT_VERSION = 5.0;
			};
			name = Release;
		};
/* End XCBuildConfiguration section */

/* Begin XCConfigurationList section */
		D75BAE6A288099C300401AF3 /* Build configuration list for PBXProject "Kodio" */ = {
			isa = XCConfigurationList;
			buildConfigurations = (
				D75BAE7C288099C400401AF3 /* Debug */,
				D75BAE7D288099C400401AF3 /* Release */,
			);
			defaultConfigurationIsVisible = 0;
			defaultConfigurationName = Release;
		};
		D75BAE7E288099C400401AF3 /* Build configuration list for PBXNativeTarget "Kodio" */ = {
			isa = XCConfigurationList;
			buildConfigurations = (
				D75BAE7F288099C400401AF3 /* Debug */,
				D75BAE80288099C400401AF3 /* Release */,
			);
			defaultConfigurationIsVisible = 0;
			defaultConfigurationName = Release;
		};
/* End XCConfigurationList section */

/* Begin XCRemoteSwiftPackageReference section */
		D75BAE8128809A0B00401AF3 /* XCRemoteSwiftPackageReference "SwiftlyKodiAPI" */ = {
			isa = XCRemoteSwiftPackageReference;
			repositoryURL = "https://github.com/Desbeers/SwiftlyKodiAPI";
			requirement = {
				branch = main;
				kind = branch;
			};
		};
/* End XCRemoteSwiftPackageReference section */

/* Begin XCSwiftPackageProductDependency section */
		D75BAE8228809A0B00401AF3 /* SwiftlyKodiAPI */ = {
			isa = XCSwiftPackageProductDependency;
			package = D75BAE8128809A0B00401AF3 /* XCRemoteSwiftPackageReference "SwiftlyKodiAPI" */;
			productName = SwiftlyKodiAPI;
		};
/* End XCSwiftPackageProductDependency section */
	};
	rootObject = D75BAE67288099C300401AF3 /* Project object */;
}
