// !$*UTF8*$!
{
	archiveVersion = 1;
	classes = {
	};
	objectVersion = 56;
	objects = {

/* Begin PBXBuildFile section */
		D71EAD662CEA06B80025ECDF /* Cache.swift in Sources */ = {isa = PBXBuildFile; fileRef = D71EAD652CEA06B80025ECDF /* Cache.swift */; };
		D71EAD682CEA0AF50025ECDF /* RotatingView.swift in Sources */ = {isa = PBXBuildFile; fileRef = D71EAD672CEA0AF50025ECDF /* RotatingView.swift */; };
		D7A84CEA2A91523B004BA2DA /* AppState.swift in Sources */ = {isa = PBXBuildFile; fileRef = D7A84CB82A91523B004BA2DA /* AppState.swift */; };
		D7A84CEB2A91523B004BA2DA /* BrowserModel.swift in Sources */ = {isa = PBXBuildFile; fileRef = D7A84CB92A91523B004BA2DA /* BrowserModel.swift */; };
		D7A84CEC2A91523B004BA2DA /* RadioStations.swift in Sources */ = {isa = PBXBuildFile; fileRef = D7A84CBA2A91523B004BA2DA /* RadioStations.swift */; };
		D7A84CED2A91523B004BA2DA /* Assets.xcassets in Resources */ = {isa = PBXBuildFile; fileRef = D7A84CBB2A91523B004BA2DA /* Assets.xcassets */; };
		D7A84CEF2A91523B004BA2DA /* KodioSettings.swift in Sources */ = {isa = PBXBuildFile; fileRef = D7A84CBE2A91523B004BA2DA /* KodioSettings.swift */; };
		D7A84CF12A91523B004BA2DA /* AppDelegate.swift in Sources */ = {isa = PBXBuildFile; fileRef = D7A84CC02A91523B004BA2DA /* AppDelegate.swift */; };
		D7A84CF22A91523B004BA2DA /* HelpModel.swift in Sources */ = {isa = PBXBuildFile; fileRef = D7A84CC12A91523B004BA2DA /* HelpModel.swift */; };
		D7A84CF42A91523B004BA2DA /* KodioApp.swift in Sources */ = {isa = PBXBuildFile; fileRef = D7A84CC32A91523B004BA2DA /* KodioApp.swift */; };
		D7A84CF52A91523B004BA2DA /* ButtonStyles.swift in Sources */ = {isa = PBXBuildFile; fileRef = D7A84CC52A91523B004BA2DA /* ButtonStyles.swift */; };
		D7A84CF62A91523B004BA2DA /* MusicMatchModel+Structs.swift in Sources */ = {isa = PBXBuildFile; fileRef = D7A84CC72A91523B004BA2DA /* MusicMatchModel+Structs.swift */; };
		D7A84CF72A91523B004BA2DA /* MusicBridge.applescript in Sources */ = {isa = PBXBuildFile; fileRef = D7A84CC82A91523B004BA2DA /* MusicBridge.applescript */; };
		D7A84CF82A91523B004BA2DA /* MusicMatchModel+Enums.swift in Sources */ = {isa = PBXBuildFile; fileRef = D7A84CC92A91523B004BA2DA /* MusicMatchModel+Enums.swift */; };
		D7A84CF92A91523B004BA2DA /* MusicBridge.swift in Sources */ = {isa = PBXBuildFile; fileRef = D7A84CCA2A91523B004BA2DA /* MusicBridge.swift */; };
		D7A84CFA2A91523B004BA2DA /* MusicMatchView.swift in Sources */ = {isa = PBXBuildFile; fileRef = D7A84CCB2A91523B004BA2DA /* MusicMatchView.swift */; };
		D7A84CFB2A91523B004BA2DA /* MusicMatchModel.swift in Sources */ = {isa = PBXBuildFile; fileRef = D7A84CCC2A91523B004BA2DA /* MusicMatchModel.swift */; };
		D7A84CFC2A91523B004BA2DA /* AboutView.swift in Sources */ = {isa = PBXBuildFile; fileRef = D7A84CCE2A91523B004BA2DA /* AboutView.swift */; };
		D7A84CFD2A91523B004BA2DA /* PlaylistView.swift in Sources */ = {isa = PBXBuildFile; fileRef = D7A84CCF2A91523B004BA2DA /* PlaylistView.swift */; };
		D7A84CFE2A91523B004BA2DA /* StartView.swift in Sources */ = {isa = PBXBuildFile; fileRef = D7A84CD02A91523B004BA2DA /* StartView.swift */; };
		D7A84CFF2A91523B004BA2DA /* SettingsView.swift in Sources */ = {isa = PBXBuildFile; fileRef = D7A84CD12A91523B004BA2DA /* SettingsView.swift */; };
		D7A84D012A91523B004BA2DA /* SongsView.swift in Sources */ = {isa = PBXBuildFile; fileRef = D7A84CD32A91523B004BA2DA /* SongsView.swift */; };
		D7A84D022A91523B004BA2DA /* MenuBarExtraView (macOS).swift in Sources */ = {isa = PBXBuildFile; fileRef = D7A84CD42A91523B004BA2DA /* MenuBarExtraView (macOS).swift */; };
		D7A84D032A91523B004BA2DA /* GenresView.swift in Sources */ = {isa = PBXBuildFile; fileRef = D7A84CD52A91523B004BA2DA /* GenresView.swift */; };
		D7A84D042A91523B004BA2DA /* DetailsView.swift in Sources */ = {isa = PBXBuildFile; fileRef = D7A84CD62A91523B004BA2DA /* DetailsView.swift */; };
		D7A84D052A91523B004BA2DA /* MarkdownView.swift in Sources */ = {isa = PBXBuildFile; fileRef = D7A84CD72A91523B004BA2DA /* MarkdownView.swift */; };
		D7A84D062A91523B004BA2DA /* ToolbarView.swift in Sources */ = {isa = PBXBuildFile; fileRef = D7A84CD82A91523B004BA2DA /* ToolbarView.swift */; };
		D7A84D072A91523B004BA2DA /* SidebarView.swift in Sources */ = {isa = PBXBuildFile; fileRef = D7A84CD92A91523B004BA2DA /* SidebarView.swift */; };
		D7A84D082A91523B004BA2DA /* ArtistsView.swift in Sources */ = {isa = PBXBuildFile; fileRef = D7A84CDA2A91523B004BA2DA /* ArtistsView.swift */; };
		D7A84D0A2A91523B004BA2DA /* HeaderView.swift in Sources */ = {isa = PBXBuildFile; fileRef = D7A84CDC2A91523B004BA2DA /* HeaderView.swift */; };
		D7A84D0B2A91523B004BA2DA /* BrowserView.swift in Sources */ = {isa = PBXBuildFile; fileRef = D7A84CDD2A91523B004BA2DA /* BrowserView.swift */; };
		D7A84D0C2A91523B004BA2DA /* HelpView.swift in Sources */ = {isa = PBXBuildFile; fileRef = D7A84CDE2A91523B004BA2DA /* HelpView.swift */; };
		D7A84D0D2A91523B004BA2DA /* AlbumsView.swift in Sources */ = {isa = PBXBuildFile; fileRef = D7A84CDF2A91523B004BA2DA /* AlbumsView.swift */; };
		D7A84D0E2A91523B004BA2DA /* QueueView.swift in Sources */ = {isa = PBXBuildFile; fileRef = D7A84CE02A91523B004BA2DA /* QueueView.swift */; };
		D7A84D0F2A91523B004BA2DA /* MainView.swift in Sources */ = {isa = PBXBuildFile; fileRef = D7A84CE12A91523B004BA2DA /* MainView.swift */; };
		D7A84D102A91523B004BA2DA /* PartsView.swift in Sources */ = {isa = PBXBuildFile; fileRef = D7A84CE22A91523B004BA2DA /* PartsView.swift */; };
		D7A84D112A91523B004BA2DA /* SongView.swift in Sources */ = {isa = PBXBuildFile; fileRef = D7A84CE32A91523B004BA2DA /* SongView.swift */; };
		D7A84D122A91523B004BA2DA /* MusicVideosView+Album.swift in Sources */ = {isa = PBXBuildFile; fileRef = D7A84CE52A91523B004BA2DA /* MusicVideosView+Album.swift */; };
		D7A84D132A91523B004BA2DA /* MusicVideosView+Artist.swift in Sources */ = {isa = PBXBuildFile; fileRef = D7A84CE62A91523B004BA2DA /* MusicVideosView+Artist.swift */; };
		D7A84D142A91523B004BA2DA /* MusicVideosView+Artists.swift in Sources */ = {isa = PBXBuildFile; fileRef = D7A84CE72A91523B004BA2DA /* MusicVideosView+Artists.swift */; };
		D7A84D152A91523B004BA2DA /* MusicVideosView+ListItem.swift in Sources */ = {isa = PBXBuildFile; fileRef = D7A84CE82A91523B004BA2DA /* MusicVideosView+ListItem.swift */; };
		D7A84D162A91523B004BA2DA /* MusicVideosView.swift in Sources */ = {isa = PBXBuildFile; fileRef = D7A84CE92A91523B004BA2DA /* MusicVideosView.swift */; };
		D7A84D192A9154EB004BA2DA /* SwiftlyKodiAPI in Frameworks */ = {isa = PBXBuildFile; productRef = D7A84D182A9154EB004BA2DA /* SwiftlyKodiAPI */; };
		D7A84D1F2A915828004BA2DA /* AppleScriptObjC.framework in Frameworks */ = {isa = PBXBuildFile; fileRef = D7A84D1E2A915828004BA2DA /* AppleScriptObjC.framework */; platformFilters = (macos, ); };
		D7A84D2C2A9264DC004BA2DA /* Bugs.md in Resources */ = {isa = PBXBuildFile; fileRef = D7A84D272A9264DB004BA2DA /* Bugs.md */; };
		D7A84D2D2A9264DC004BA2DA /* KodiSettings.md in Resources */ = {isa = PBXBuildFile; fileRef = D7A84D282A9264DC004BA2DA /* KodiSettings.md */; };
		D7A84D2E2A9264DC004BA2DA /* Documentation.md in Resources */ = {isa = PBXBuildFile; fileRef = D7A84D292A9264DC004BA2DA /* Documentation.md */; };
		D7A84D2F2A9264DC004BA2DA /* PlayerSettings.md in Resources */ = {isa = PBXBuildFile; fileRef = D7A84D2A2A9264DC004BA2DA /* PlayerSettings.md */; };
		D7A84D302A9264DC004BA2DA /* KodioHelp.md in Resources */ = {isa = PBXBuildFile; fileRef = D7A84D2B2A9264DC004BA2DA /* KodioHelp.md */; };
		D7B815982B29CE4D003BBDD8 /* RandomItemsView.swift in Sources */ = {isa = PBXBuildFile; fileRef = D7B815972B29CE4D003BBDD8 /* RandomItemsView.swift */; };
/* End PBXBuildFile section */

/* Begin PBXFileReference section */
		D71EAD652CEA06B80025ECDF /* Cache.swift */ = {isa = PBXFileReference; fileEncoding = 4; lastKnownFileType = sourcecode.swift; path = Cache.swift; sourceTree = "<group>"; };
		D71EAD672CEA0AF50025ECDF /* RotatingView.swift */ = {isa = PBXFileReference; fileEncoding = 4; lastKnownFileType = sourcecode.swift; path = RotatingView.swift; sourceTree = "<group>"; };
		D7A84CA42A9151E8004BA2DA /* Kodio.app */ = {isa = PBXFileReference; explicitFileType = wrapper.application; includeInIndex = 0; path = Kodio.app; sourceTree = BUILT_PRODUCTS_DIR; };
		D7A84CB82A91523B004BA2DA /* AppState.swift */ = {isa = PBXFileReference; fileEncoding = 4; lastKnownFileType = sourcecode.swift; path = AppState.swift; sourceTree = "<group>"; };
		D7A84CB92A91523B004BA2DA /* BrowserModel.swift */ = {isa = PBXFileReference; fileEncoding = 4; lastKnownFileType = sourcecode.swift; path = BrowserModel.swift; sourceTree = "<group>"; };
		D7A84CBA2A91523B004BA2DA /* RadioStations.swift */ = {isa = PBXFileReference; fileEncoding = 4; lastKnownFileType = sourcecode.swift; path = RadioStations.swift; sourceTree = "<group>"; };
		D7A84CBB2A91523B004BA2DA /* Assets.xcassets */ = {isa = PBXFileReference; lastKnownFileType = folder.assetcatalog; path = Assets.xcassets; sourceTree = "<group>"; };
		D7A84CBC2A91523B004BA2DA /* Kodio.entitlements */ = {isa = PBXFileReference; fileEncoding = 4; lastKnownFileType = text.plist.entitlements; path = Kodio.entitlements; sourceTree = "<group>"; };
		D7A84CBE2A91523B004BA2DA /* KodioSettings.swift */ = {isa = PBXFileReference; fileEncoding = 4; lastKnownFileType = sourcecode.swift; path = KodioSettings.swift; sourceTree = "<group>"; };
		D7A84CC02A91523B004BA2DA /* AppDelegate.swift */ = {isa = PBXFileReference; fileEncoding = 4; lastKnownFileType = sourcecode.swift; path = AppDelegate.swift; sourceTree = "<group>"; };
		D7A84CC12A91523B004BA2DA /* HelpModel.swift */ = {isa = PBXFileReference; fileEncoding = 4; lastKnownFileType = sourcecode.swift; path = HelpModel.swift; sourceTree = "<group>"; };
		D7A84CC22A91523B004BA2DA /* Kodio.plist */ = {isa = PBXFileReference; fileEncoding = 4; lastKnownFileType = text.plist.xml; path = Kodio.plist; sourceTree = "<group>"; };
		D7A84CC32A91523B004BA2DA /* KodioApp.swift */ = {isa = PBXFileReference; fileEncoding = 4; lastKnownFileType = sourcecode.swift; path = KodioApp.swift; sourceTree = "<group>"; };
		D7A84CC52A91523B004BA2DA /* ButtonStyles.swift */ = {isa = PBXFileReference; fileEncoding = 4; lastKnownFileType = sourcecode.swift; path = ButtonStyles.swift; sourceTree = "<group>"; };
		D7A84CC72A91523B004BA2DA /* MusicMatchModel+Structs.swift */ = {isa = PBXFileReference; fileEncoding = 4; lastKnownFileType = sourcecode.swift; path = "MusicMatchModel+Structs.swift"; sourceTree = "<group>"; };
		D7A84CC82A91523B004BA2DA /* MusicBridge.applescript */ = {isa = PBXFileReference; fileEncoding = 4; lastKnownFileType = sourcecode.applescript; path = MusicBridge.applescript; sourceTree = "<group>"; };
		D7A84CC92A91523B004BA2DA /* MusicMatchModel+Enums.swift */ = {isa = PBXFileReference; fileEncoding = 4; lastKnownFileType = sourcecode.swift; path = "MusicMatchModel+Enums.swift"; sourceTree = "<group>"; };
		D7A84CCA2A91523B004BA2DA /* MusicBridge.swift */ = {isa = PBXFileReference; fileEncoding = 4; lastKnownFileType = sourcecode.swift; path = MusicBridge.swift; sourceTree = "<group>"; };
		D7A84CCB2A91523B004BA2DA /* MusicMatchView.swift */ = {isa = PBXFileReference; fileEncoding = 4; lastKnownFileType = sourcecode.swift; path = MusicMatchView.swift; sourceTree = "<group>"; };
		D7A84CCC2A91523B004BA2DA /* MusicMatchModel.swift */ = {isa = PBXFileReference; fileEncoding = 4; lastKnownFileType = sourcecode.swift; path = MusicMatchModel.swift; sourceTree = "<group>"; };
		D7A84CCE2A91523B004BA2DA /* AboutView.swift */ = {isa = PBXFileReference; fileEncoding = 4; lastKnownFileType = sourcecode.swift; path = AboutView.swift; sourceTree = "<group>"; };
		D7A84CCF2A91523B004BA2DA /* PlaylistView.swift */ = {isa = PBXFileReference; fileEncoding = 4; lastKnownFileType = sourcecode.swift; path = PlaylistView.swift; sourceTree = "<group>"; };
		D7A84CD02A91523B004BA2DA /* StartView.swift */ = {isa = PBXFileReference; fileEncoding = 4; lastKnownFileType = sourcecode.swift; path = StartView.swift; sourceTree = "<group>"; };
		D7A84CD12A91523B004BA2DA /* SettingsView.swift */ = {isa = PBXFileReference; fileEncoding = 4; lastKnownFileType = sourcecode.swift; path = SettingsView.swift; sourceTree = "<group>"; };
		D7A84CD32A91523B004BA2DA /* SongsView.swift */ = {isa = PBXFileReference; fileEncoding = 4; lastKnownFileType = sourcecode.swift; path = SongsView.swift; sourceTree = "<group>"; };
		D7A84CD42A91523B004BA2DA /* MenuBarExtraView (macOS).swift */ = {isa = PBXFileReference; fileEncoding = 4; lastKnownFileType = sourcecode.swift; path = "MenuBarExtraView (macOS).swift"; sourceTree = "<group>"; };
		D7A84CD52A91523B004BA2DA /* GenresView.swift */ = {isa = PBXFileReference; fileEncoding = 4; lastKnownFileType = sourcecode.swift; path = GenresView.swift; sourceTree = "<group>"; };
		D7A84CD62A91523B004BA2DA /* DetailsView.swift */ = {isa = PBXFileReference; fileEncoding = 4; lastKnownFileType = sourcecode.swift; path = DetailsView.swift; sourceTree = "<group>"; };
		D7A84CD72A91523B004BA2DA /* MarkdownView.swift */ = {isa = PBXFileReference; fileEncoding = 4; lastKnownFileType = sourcecode.swift; path = MarkdownView.swift; sourceTree = "<group>"; };
		D7A84CD82A91523B004BA2DA /* ToolbarView.swift */ = {isa = PBXFileReference; fileEncoding = 4; lastKnownFileType = sourcecode.swift; path = ToolbarView.swift; sourceTree = "<group>"; };
		D7A84CD92A91523B004BA2DA /* SidebarView.swift */ = {isa = PBXFileReference; fileEncoding = 4; lastKnownFileType = sourcecode.swift; path = SidebarView.swift; sourceTree = "<group>"; };
		D7A84CDA2A91523B004BA2DA /* ArtistsView.swift */ = {isa = PBXFileReference; fileEncoding = 4; lastKnownFileType = sourcecode.swift; path = ArtistsView.swift; sourceTree = "<group>"; };
		D7A84CDC2A91523B004BA2DA /* HeaderView.swift */ = {isa = PBXFileReference; fileEncoding = 4; lastKnownFileType = sourcecode.swift; path = HeaderView.swift; sourceTree = "<group>"; };
		D7A84CDD2A91523B004BA2DA /* BrowserView.swift */ = {isa = PBXFileReference; fileEncoding = 4; lastKnownFileType = sourcecode.swift; path = BrowserView.swift; sourceTree = "<group>"; };
		D7A84CDE2A91523B004BA2DA /* HelpView.swift */ = {isa = PBXFileReference; fileEncoding = 4; lastKnownFileType = sourcecode.swift; path = HelpView.swift; sourceTree = "<group>"; };
		D7A84CDF2A91523B004BA2DA /* AlbumsView.swift */ = {isa = PBXFileReference; fileEncoding = 4; lastKnownFileType = sourcecode.swift; path = AlbumsView.swift; sourceTree = "<group>"; };
		D7A84CE02A91523B004BA2DA /* QueueView.swift */ = {isa = PBXFileReference; fileEncoding = 4; lastKnownFileType = sourcecode.swift; path = QueueView.swift; sourceTree = "<group>"; };
		D7A84CE12A91523B004BA2DA /* MainView.swift */ = {isa = PBXFileReference; fileEncoding = 4; lastKnownFileType = sourcecode.swift; path = MainView.swift; sourceTree = "<group>"; };
		D7A84CE22A91523B004BA2DA /* PartsView.swift */ = {isa = PBXFileReference; fileEncoding = 4; lastKnownFileType = sourcecode.swift; path = PartsView.swift; sourceTree = "<group>"; };
		D7A84CE32A91523B004BA2DA /* SongView.swift */ = {isa = PBXFileReference; fileEncoding = 4; lastKnownFileType = sourcecode.swift; path = SongView.swift; sourceTree = "<group>"; };
		D7A84CE52A91523B004BA2DA /* MusicVideosView+Album.swift */ = {isa = PBXFileReference; fileEncoding = 4; lastKnownFileType = sourcecode.swift; path = "MusicVideosView+Album.swift"; sourceTree = "<group>"; };
		D7A84CE62A91523B004BA2DA /* MusicVideosView+Artist.swift */ = {isa = PBXFileReference; fileEncoding = 4; lastKnownFileType = sourcecode.swift; path = "MusicVideosView+Artist.swift"; sourceTree = "<group>"; };
		D7A84CE72A91523B004BA2DA /* MusicVideosView+Artists.swift */ = {isa = PBXFileReference; fileEncoding = 4; lastKnownFileType = sourcecode.swift; path = "MusicVideosView+Artists.swift"; sourceTree = "<group>"; };
		D7A84CE82A91523B004BA2DA /* MusicVideosView+ListItem.swift */ = {isa = PBXFileReference; fileEncoding = 4; lastKnownFileType = sourcecode.swift; path = "MusicVideosView+ListItem.swift"; sourceTree = "<group>"; };
		D7A84CE92A91523B004BA2DA /* MusicVideosView.swift */ = {isa = PBXFileReference; fileEncoding = 4; lastKnownFileType = sourcecode.swift; path = MusicVideosView.swift; sourceTree = "<group>"; };
		D7A84D1C2A9157F7004BA2DA /* AppleScriptKit.framework */ = {isa = PBXFileReference; lastKnownFileType = wrapper.framework; name = AppleScriptKit.framework; path = System/Library/Frameworks/AppleScriptKit.framework; sourceTree = SDKROOT; };
		D7A84D1E2A915828004BA2DA /* AppleScriptObjC.framework */ = {isa = PBXFileReference; lastKnownFileType = wrapper.framework; name = AppleScriptObjC.framework; path = System/Library/Frameworks/AppleScriptObjC.framework; sourceTree = SDKROOT; };
		D7A84D272A9264DB004BA2DA /* Bugs.md */ = {isa = PBXFileReference; fileEncoding = 4; lastKnownFileType = net.daringfireball.markdown; path = Bugs.md; sourceTree = "<group>"; };
		D7A84D282A9264DC004BA2DA /* KodiSettings.md */ = {isa = PBXFileReference; fileEncoding = 4; lastKnownFileType = net.daringfireball.markdown; path = KodiSettings.md; sourceTree = "<group>"; };
		D7A84D292A9264DC004BA2DA /* Documentation.md */ = {isa = PBXFileReference; fileEncoding = 4; lastKnownFileType = net.daringfireball.markdown; path = Documentation.md; sourceTree = "<group>"; };
		D7A84D2A2A9264DC004BA2DA /* PlayerSettings.md */ = {isa = PBXFileReference; fileEncoding = 4; lastKnownFileType = net.daringfireball.markdown; path = PlayerSettings.md; sourceTree = "<group>"; };
		D7A84D2B2A9264DC004BA2DA /* KodioHelp.md */ = {isa = PBXFileReference; fileEncoding = 4; lastKnownFileType = net.daringfireball.markdown; path = KodioHelp.md; sourceTree = "<group>"; };
		D7B815972B29CE4D003BBDD8 /* RandomItemsView.swift */ = {isa = PBXFileReference; lastKnownFileType = sourcecode.swift; path = RandomItemsView.swift; sourceTree = "<group>"; };
/* End PBXFileReference section */

/* Begin PBXFrameworksBuildPhase section */
		D7A84CA12A9151E8004BA2DA /* Frameworks */ = {
			isa = PBXFrameworksBuildPhase;
			buildActionMask = 2147483647;
			files = (
				D7A84D1F2A915828004BA2DA /* AppleScriptObjC.framework in Frameworks */,
				D7A84D192A9154EB004BA2DA /* SwiftlyKodiAPI in Frameworks */,
			);
			runOnlyForDeploymentPostprocessing = 0;
		};
/* End PBXFrameworksBuildPhase section */

/* Begin PBXGroup section */
		D7A84C9B2A9151E8004BA2DA = {
			isa = PBXGroup;
			children = (
				D7A84CB62A91523B004BA2DA /* Kodio */,
				D7A84CA52A9151E8004BA2DA /* Products */,
				D7A84D1B2A9157F7004BA2DA /* Frameworks */,
			);
			sourceTree = "<group>";
		};
		D7A84CA52A9151E8004BA2DA /* Products */ = {
			isa = PBXGroup;
			children = (
				D7A84CA42A9151E8004BA2DA /* Kodio.app */,
			);
			name = Products;
			sourceTree = "<group>";
		};
		D7A84CB62A91523B004BA2DA /* Kodio */ = {
			isa = PBXGroup;
			children = (
				D7A84CB72A91523B004BA2DA /* General */,
				D7A84CCD2A91523B004BA2DA /* Views */,
				D7A84CC42A91523B004BA2DA /* Styles */,
				D7A84D262A9264B9004BA2DA /* Help */,
				D7A84CC62A91523B004BA2DA /* MusicMatch (macOS) */,
			);
			path = Kodio;
			sourceTree = "<group>";
		};
		D7A84CB72A91523B004BA2DA /* General */ = {
			isa = PBXGroup;
			children = (
				D7A84CC32A91523B004BA2DA /* KodioApp.swift */,
				D7A84CB82A91523B004BA2DA /* AppState.swift */,
				D7A84CB92A91523B004BA2DA /* BrowserModel.swift */,
				D7A84CC12A91523B004BA2DA /* HelpModel.swift */,
				D7A84CBE2A91523B004BA2DA /* KodioSettings.swift */,
				D7A84CBA2A91523B004BA2DA /* RadioStations.swift */,
				D7A84CC02A91523B004BA2DA /* AppDelegate.swift */,
				D71EAD652CEA06B80025ECDF /* Cache.swift */,
				D7A84CBB2A91523B004BA2DA /* Assets.xcassets */,
				D7A84CBC2A91523B004BA2DA /* Kodio.entitlements */,
				D7A84CC22A91523B004BA2DA /* Kodio.plist */,
			);
			path = General;
			sourceTree = "<group>";
		};
		D7A84CC42A91523B004BA2DA /* Styles */ = {
			isa = PBXGroup;
			children = (
				D7A84CC52A91523B004BA2DA /* ButtonStyles.swift */,
			);
			path = Styles;
			sourceTree = "<group>";
		};
		D7A84CC62A91523B004BA2DA /* MusicMatch (macOS) */ = {
			isa = PBXGroup;
			children = (
				D7A84CC72A91523B004BA2DA /* MusicMatchModel+Structs.swift */,
				D7A84CC92A91523B004BA2DA /* MusicMatchModel+Enums.swift */,
				D7A84CCA2A91523B004BA2DA /* MusicBridge.swift */,
				D7A84CCB2A91523B004BA2DA /* MusicMatchView.swift */,
				D7A84CCC2A91523B004BA2DA /* MusicMatchModel.swift */,
				D7A84CC82A91523B004BA2DA /* MusicBridge.applescript */,
			);
			path = "MusicMatch (macOS)";
			sourceTree = "<group>";
		};
		D7A84CCD2A91523B004BA2DA /* Views */ = {
			isa = PBXGroup;
			children = (
				D7A84CE42A91523B004BA2DA /* MusicVideos */,
				D7A84CE12A91523B004BA2DA /* MainView.swift */,
				D7A84CD92A91523B004BA2DA /* SidebarView.swift */,
				D7A84CD82A91523B004BA2DA /* ToolbarView.swift */,
				D7A84CD02A91523B004BA2DA /* StartView.swift */,
				D7A84CCE2A91523B004BA2DA /* AboutView.swift */,
				D7A84CDD2A91523B004BA2DA /* BrowserView.swift */,
				D7A84CD52A91523B004BA2DA /* GenresView.swift */,
				D7A84CDA2A91523B004BA2DA /* ArtistsView.swift */,
				D7A84CDF2A91523B004BA2DA /* AlbumsView.swift */,
				D7A84CD62A91523B004BA2DA /* DetailsView.swift */,
				D7A84CD32A91523B004BA2DA /* SongsView.swift */,
				D7A84CE32A91523B004BA2DA /* SongView.swift */,
				D7A84CCF2A91523B004BA2DA /* PlaylistView.swift */,
				D7B815972B29CE4D003BBDD8 /* RandomItemsView.swift */,
				D7A84CD12A91523B004BA2DA /* SettingsView.swift */,
				D7A84CD72A91523B004BA2DA /* MarkdownView.swift */,
				D7A84CDC2A91523B004BA2DA /* HeaderView.swift */,
				D7A84CDE2A91523B004BA2DA /* HelpView.swift */,
				D7A84CE02A91523B004BA2DA /* QueueView.swift */,
				D7A84CE22A91523B004BA2DA /* PartsView.swift */,
				D71EAD672CEA0AF50025ECDF /* RotatingView.swift */,
				D7A84CD42A91523B004BA2DA /* MenuBarExtraView (macOS).swift */,
			);
			path = Views;
			sourceTree = "<group>";
		};
		D7A84CE42A91523B004BA2DA /* MusicVideos */ = {
			isa = PBXGroup;
			children = (
				D7A84CE52A91523B004BA2DA /* MusicVideosView+Album.swift */,
				D7A84CE62A91523B004BA2DA /* MusicVideosView+Artist.swift */,
				D7A84CE72A91523B004BA2DA /* MusicVideosView+Artists.swift */,
				D7A84CE82A91523B004BA2DA /* MusicVideosView+ListItem.swift */,
				D7A84CE92A91523B004BA2DA /* MusicVideosView.swift */,
			);
			path = MusicVideos;
			sourceTree = "<group>";
		};
		D7A84D1B2A9157F7004BA2DA /* Frameworks */ = {
			isa = PBXGroup;
			children = (
				D7A84D1E2A915828004BA2DA /* AppleScriptObjC.framework */,
				D7A84D1C2A9157F7004BA2DA /* AppleScriptKit.framework */,
			);
			name = Frameworks;
			sourceTree = "<group>";
		};
		D7A84D262A9264B9004BA2DA /* Help */ = {
			isa = PBXGroup;
			children = (
				D7A84D272A9264DB004BA2DA /* Bugs.md */,
				D7A84D292A9264DC004BA2DA /* Documentation.md */,
				D7A84D2B2A9264DC004BA2DA /* KodioHelp.md */,
				D7A84D282A9264DC004BA2DA /* KodiSettings.md */,
				D7A84D2A2A9264DC004BA2DA /* PlayerSettings.md */,
			);
			path = Help;
			sourceTree = "<group>";
		};
/* End PBXGroup section */

/* Begin PBXNativeTarget section */
		D7A84CA32A9151E8004BA2DA /* Kodio */ = {
			isa = PBXNativeTarget;
			buildConfigurationList = D7A84CB32A9151EB004BA2DA /* Build configuration list for PBXNativeTarget "Kodio" */;
			buildPhases = (
				D7A84CA02A9151E8004BA2DA /* Sources */,
				D7A84CA12A9151E8004BA2DA /* Frameworks */,
				D7A84CA22A9151E8004BA2DA /* Resources */,
				D750986D2A93738100ADC35F /* SwiftLint */,
			);
			buildRules = (
			);
			dependencies = (
			);
			name = Kodio;
			packageProductDependencies = (
				D7A84D182A9154EB004BA2DA /* SwiftlyKodiAPI */,
			);
			productName = Kodio;
			productReference = D7A84CA42A9151E8004BA2DA /* Kodio.app */;
			productType = "com.apple.product-type.application";
		};
/* End PBXNativeTarget section */

/* Begin PBXProject section */
		D7A84C9C2A9151E8004BA2DA /* Project object */ = {
			isa = PBXProject;
			attributes = {
				BuildIndependentTargetsInParallel = 1;
				LastSwiftUpdateCheck = 1500;
				LastUpgradeCheck = 1500;
				TargetAttributes = {
					D7A84CA32A9151E8004BA2DA = {
						CreatedOnToolsVersion = 15.0;
					};
				};
			};
			buildConfigurationList = D7A84C9F2A9151E8004BA2DA /* Build configuration list for PBXProject "Kodio" */;
			compatibilityVersion = "Xcode 14.0";
			developmentRegion = en;
			hasScannedForEncodings = 0;
			knownRegions = (
				en,
				Base,
			);
			mainGroup = D7A84C9B2A9151E8004BA2DA;
			packageReferences = (
				D7A84D172A9154EB004BA2DA /* XCRemoteSwiftPackageReference "SwiftlyKodiAPI" */,
			);
			productRefGroup = D7A84CA52A9151E8004BA2DA /* Products */;
			projectDirPath = "";
			projectRoot = "";
			targets = (
				D7A84CA32A9151E8004BA2DA /* Kodio */,
			);
		};
/* End PBXProject section */

/* Begin PBXResourcesBuildPhase section */
		D7A84CA22A9151E8004BA2DA /* Resources */ = {
			isa = PBXResourcesBuildPhase;
			buildActionMask = 2147483647;
			files = (
				D7A84D2F2A9264DC004BA2DA /* PlayerSettings.md in Resources */,
				D7A84D2C2A9264DC004BA2DA /* Bugs.md in Resources */,
				D7A84D2E2A9264DC004BA2DA /* Documentation.md in Resources */,
				D7A84D2D2A9264DC004BA2DA /* KodiSettings.md in Resources */,
				D7A84CED2A91523B004BA2DA /* Assets.xcassets in Resources */,
				D7A84D302A9264DC004BA2DA /* KodioHelp.md in Resources */,
			);
			runOnlyForDeploymentPostprocessing = 0;
		};
/* End PBXResourcesBuildPhase section */

/* Begin PBXShellScriptBuildPhase section */
		D750986D2A93738100ADC35F /* SwiftLint */ = {
			isa = PBXShellScriptBuildPhase;
			alwaysOutOfDate = 1;
			buildActionMask = 2147483647;
			files = (
			);
			inputFileListPaths = (
			);
			inputPaths = (
			);
			name = SwiftLint;
			outputFileListPaths = (
			);
			outputPaths = (
			);
			runOnlyForDeploymentPostprocessing = 0;
			shellPath = /bin/sh;
			shellScript = "if which /opt/homebrew/bin/swiftlint >/dev/null; then\n  /opt/homebrew/bin/swiftlint --no-cache\nelse\n  echo \"warning: SwiftLint not installed, download from https://github.com/realm/SwiftLint\"\nfi\n";
		};
/* End PBXShellScriptBuildPhase section */

/* Begin PBXSourcesBuildPhase section */
		D7A84CA02A9151E8004BA2DA /* Sources */ = {
			isa = PBXSourcesBuildPhase;
			buildActionMask = 2147483647;
			files = (
				D7A84D0F2A91523B004BA2DA /* MainView.swift in Sources */,
				D7A84CFE2A91523B004BA2DA /* StartView.swift in Sources */,
				D7A84D062A91523B004BA2DA /* ToolbarView.swift in Sources */,
				D7A84CF42A91523B004BA2DA /* KodioApp.swift in Sources */,
				D7A84CFC2A91523B004BA2DA /* AboutView.swift in Sources */,
				D7A84CF92A91523B004BA2DA /* MusicBridge.swift in Sources */,
				D7A84CFF2A91523B004BA2DA /* SettingsView.swift in Sources */,
				D7A84CEB2A91523B004BA2DA /* BrowserModel.swift in Sources */,
				D7A84D082A91523B004BA2DA /* ArtistsView.swift in Sources */,
				D7A84CF52A91523B004BA2DA /* ButtonStyles.swift in Sources */,
				D7A84D072A91523B004BA2DA /* SidebarView.swift in Sources */,
				D7A84D0B2A91523B004BA2DA /* BrowserView.swift in Sources */,
				D7A84D102A91523B004BA2DA /* PartsView.swift in Sources */,
				D7B815982B29CE4D003BBDD8 /* RandomItemsView.swift in Sources */,
				D7A84D022A91523B004BA2DA /* MenuBarExtraView (macOS).swift in Sources */,
				D7A84D132A91523B004BA2DA /* MusicVideosView+Artist.swift in Sources */,
				D7A84D162A91523B004BA2DA /* MusicVideosView.swift in Sources */,
				D7A84D122A91523B004BA2DA /* MusicVideosView+Album.swift in Sources */,
				D71EAD662CEA06B80025ECDF /* Cache.swift in Sources */,
				D7A84D0E2A91523B004BA2DA /* QueueView.swift in Sources */,
				D71EAD682CEA0AF50025ECDF /* RotatingView.swift in Sources */,
				D7A84CEF2A91523B004BA2DA /* KodioSettings.swift in Sources */,
				D7A84D0D2A91523B004BA2DA /* AlbumsView.swift in Sources */,
				D7A84D032A91523B004BA2DA /* GenresView.swift in Sources */,
				D7A84D152A91523B004BA2DA /* MusicVideosView+ListItem.swift in Sources */,
				D7A84D042A91523B004BA2DA /* DetailsView.swift in Sources */,
				D7A84D0C2A91523B004BA2DA /* HelpView.swift in Sources */,
				D7A84CF82A91523B004BA2DA /* MusicMatchModel+Enums.swift in Sources */,
				D7A84D142A91523B004BA2DA /* MusicVideosView+Artists.swift in Sources */,
				D7A84D012A91523B004BA2DA /* SongsView.swift in Sources */,
				D7A84CEA2A91523B004BA2DA /* AppState.swift in Sources */,
				D7A84D0A2A91523B004BA2DA /* HeaderView.swift in Sources */,
				D7A84CF72A91523B004BA2DA /* MusicBridge.applescript in Sources */,
				D7A84CF22A91523B004BA2DA /* HelpModel.swift in Sources */,
				D7A84CF12A91523B004BA2DA /* AppDelegate.swift in Sources */,
				D7A84D112A91523B004BA2DA /* SongView.swift in Sources */,
				D7A84CFD2A91523B004BA2DA /* PlaylistView.swift in Sources */,
				D7A84CEC2A91523B004BA2DA /* RadioStations.swift in Sources */,
				D7A84CFA2A91523B004BA2DA /* MusicMatchView.swift in Sources */,
				D7A84CF62A91523B004BA2DA /* MusicMatchModel+Structs.swift in Sources */,
				D7A84CFB2A91523B004BA2DA /* MusicMatchModel.swift in Sources */,
				D7A84D052A91523B004BA2DA /* MarkdownView.swift in Sources */,
			);
			runOnlyForDeploymentPostprocessing = 0;
		};
/* End PBXSourcesBuildPhase section */

/* Begin XCBuildConfiguration section */
		D7A84CB12A9151EB004BA2DA /* Debug */ = {
			isa = XCBuildConfiguration;
			buildSettings = {
				ALWAYS_SEARCH_USER_PATHS = NO;
				ASSETCATALOG_COMPILER_GENERATE_SWIFT_ASSET_SYMBOL_EXTENSIONS = YES;
				CLANG_ANALYZER_NONNULL = YES;
				CLANG_ANALYZER_NUMBER_OBJECT_CONVERSION = YES_AGGRESSIVE;
				CLANG_CXX_LANGUAGE_STANDARD = "gnu++20";
				CLANG_ENABLE_MODULES = YES;
				CLANG_ENABLE_OBJC_ARC = YES;
				CLANG_ENABLE_OBJC_WEAK = YES;
				CLANG_WARN_BLOCK_CAPTURE_AUTORELEASING = YES;
				CLANG_WARN_BOOL_CONVERSION = YES;
				CLANG_WARN_COMMA = YES;
				CLANG_WARN_CONSTANT_CONVERSION = YES;
				CLANG_WARN_DEPRECATED_OBJC_IMPLEMENTATIONS = YES;
				CLANG_WARN_DIRECT_OBJC_ISA_USAGE = YES_ERROR;
				CLANG_WARN_DOCUMENTATION_COMMENTS = YES;
				CLANG_WARN_EMPTY_BODY = YES;
				CLANG_WARN_ENUM_CONVERSION = YES;
				CLANG_WARN_INFINITE_RECURSION = YES;
				CLANG_WARN_INT_CONVERSION = YES;
				CLANG_WARN_NON_LITERAL_NULL_CONVERSION = YES;
				CLANG_WARN_OBJC_IMPLICIT_RETAIN_SELF = YES;
				CLANG_WARN_OBJC_LITERAL_CONVERSION = YES;
				CLANG_WARN_OBJC_ROOT_CLASS = YES_ERROR;
				CLANG_WARN_QUOTED_INCLUDE_IN_FRAMEWORK_HEADER = YES;
				CLANG_WARN_RANGE_LOOP_ANALYSIS = YES;
				CLANG_WARN_STRICT_PROTOTYPES = YES;
				CLANG_WARN_SUSPICIOUS_MOVE = YES;
				CLANG_WARN_UNGUARDED_AVAILABILITY = YES_AGGRESSIVE;
				CLANG_WARN_UNREACHABLE_CODE = YES;
				CLANG_WARN__DUPLICATE_METHOD_MATCH = YES;
				COPY_PHASE_STRIP = NO;
				DEAD_CODE_STRIPPING = YES;
				DEBUG_INFORMATION_FORMAT = dwarf;
				ENABLE_STRICT_OBJC_MSGSEND = YES;
				ENABLE_TESTABILITY = YES;
				ENABLE_USER_SCRIPT_SANDBOXING = YES;
				GCC_C_LANGUAGE_STANDARD = gnu17;
				GCC_DYNAMIC_NO_PIC = NO;
				GCC_NO_COMMON_BLOCKS = YES;
				GCC_OPTIMIZATION_LEVEL = 0;
				GCC_PREPROCESSOR_DEFINITIONS = (
					"DEBUG=1",
					"$(inherited)",
				);
				GCC_WARN_64_TO_32_BIT_CONVERSION = YES;
				GCC_WARN_ABOUT_RETURN_TYPE = YES_ERROR;
				GCC_WARN_UNDECLARED_SELECTOR = YES;
				GCC_WARN_UNINITIALIZED_AUTOS = YES_AGGRESSIVE;
				GCC_WARN_UNUSED_FUNCTION = YES;
				GCC_WARN_UNUSED_VARIABLE = YES;
				LOCALIZATION_PREFERS_STRING_CATALOGS = YES;
				MTL_ENABLE_DEBUG_INFO = INCLUDE_SOURCE;
				MTL_FAST_MATH = YES;
				ONLY_ACTIVE_ARCH = YES;
				SWIFT_ACTIVE_COMPILATION_CONDITIONS = "DEBUG $(inherited)";
				SWIFT_OPTIMIZATION_LEVEL = "-Onone";
			};
			name = Debug;
		};
		D7A84CB22A9151EB004BA2DA /* Release */ = {
			isa = XCBuildConfiguration;
			buildSettings = {
				ALWAYS_SEARCH_USER_PATHS = NO;
				ASSETCATALOG_COMPILER_GENERATE_SWIFT_ASSET_SYMBOL_EXTENSIONS = YES;
				CLANG_ANALYZER_NONNULL = YES;
				CLANG_ANALYZER_NUMBER_OBJECT_CONVERSION = YES_AGGRESSIVE;
				CLANG_CXX_LANGUAGE_STANDARD = "gnu++20";
				CLANG_ENABLE_MODULES = YES;
				CLANG_ENABLE_OBJC_ARC = YES;
				CLANG_ENABLE_OBJC_WEAK = YES;
				CLANG_WARN_BLOCK_CAPTURE_AUTORELEASING = YES;
				CLANG_WARN_BOOL_CONVERSION = YES;
				CLANG_WARN_COMMA = YES;
				CLANG_WARN_CONSTANT_CONVERSION = YES;
				CLANG_WARN_DEPRECATED_OBJC_IMPLEMENTATIONS = YES;
				CLANG_WARN_DIRECT_OBJC_ISA_USAGE = YES_ERROR;
				CLANG_WARN_DOCUMENTATION_COMMENTS = YES;
				CLANG_WARN_EMPTY_BODY = YES;
				CLANG_WARN_ENUM_CONVERSION = YES;
				CLANG_WARN_INFINITE_RECURSION = YES;
				CLANG_WARN_INT_CONVERSION = YES;
				CLANG_WARN_NON_LITERAL_NULL_CONVERSION = YES;
				CLANG_WARN_OBJC_IMPLICIT_RETAIN_SELF = YES;
				CLANG_WARN_OBJC_LITERAL_CONVERSION = YES;
				CLANG_WARN_OBJC_ROOT_CLASS = YES_ERROR;
				CLANG_WARN_QUOTED_INCLUDE_IN_FRAMEWORK_HEADER = YES;
				CLANG_WARN_RANGE_LOOP_ANALYSIS = YES;
				CLANG_WARN_STRICT_PROTOTYPES = YES;
				CLANG_WARN_SUSPICIOUS_MOVE = YES;
				CLANG_WARN_UNGUARDED_AVAILABILITY = YES_AGGRESSIVE;
				CLANG_WARN_UNREACHABLE_CODE = YES;
				CLANG_WARN__DUPLICATE_METHOD_MATCH = YES;
				COPY_PHASE_STRIP = NO;
				DEAD_CODE_STRIPPING = YES;
				DEBUG_INFORMATION_FORMAT = "dwarf-with-dsym";
				ENABLE_NS_ASSERTIONS = NO;
				ENABLE_STRICT_OBJC_MSGSEND = YES;
				ENABLE_USER_SCRIPT_SANDBOXING = YES;
				GCC_C_LANGUAGE_STANDARD = gnu17;
				GCC_NO_COMMON_BLOCKS = YES;
				GCC_WARN_64_TO_32_BIT_CONVERSION = YES;
				GCC_WARN_ABOUT_RETURN_TYPE = YES_ERROR;
				GCC_WARN_UNDECLARED_SELECTOR = YES;
				GCC_WARN_UNINITIALIZED_AUTOS = YES_AGGRESSIVE;
				GCC_WARN_UNUSED_FUNCTION = YES;
				GCC_WARN_UNUSED_VARIABLE = YES;
				LOCALIZATION_PREFERS_STRING_CATALOGS = YES;
				MTL_ENABLE_DEBUG_INFO = NO;
				MTL_FAST_MATH = YES;
				SWIFT_COMPILATION_MODE = wholemodule;
			};
			name = Release;
		};
		D7A84CB42A9151EB004BA2DA /* Debug */ = {
			isa = XCBuildConfiguration;
			buildSettings = {
				ASSETCATALOG_COMPILER_APPICON_NAME = AppIcon;
				ASSETCATALOG_COMPILER_GLOBAL_ACCENT_COLOR_NAME = AccentColor;
				CODE_SIGN_ENTITLEMENTS = Kodio/General/Kodio.entitlements;
				CODE_SIGN_STYLE = Automatic;
				CURRENT_PROJECT_VERSION = 1;
				DEAD_CODE_STRIPPING = YES;
				DEVELOPMENT_TEAM = FHPCJ7396C;
				ENABLE_HARDENED_RUNTIME = YES;
				ENABLE_PREVIEWS = YES;
				ENABLE_USER_SCRIPT_SANDBOXING = NO;
				GENERATE_INFOPLIST_FILE = YES;
				INFOPLIST_FILE = Kodio/General/Kodio.plist;
				INFOPLIST_KEY_LSApplicationCategoryType = "public.app-category.music";
				INFOPLIST_KEY_NSAppleEventsUsageDescription = "Kodio want to access Music to sync ratings and playcounts";
				INFOPLIST_KEY_NSLocalNetworkUsageDescription = "Access Kodi on your network";
				"INFOPLIST_KEY_UIApplicationSceneManifest_Generation[sdk=iphoneos*]" = YES;
				"INFOPLIST_KEY_UIApplicationSceneManifest_Generation[sdk=iphonesimulator*]" = YES;
				"INFOPLIST_KEY_UIApplicationSupportsIndirectInputEvents[sdk=iphoneos*]" = YES;
				"INFOPLIST_KEY_UIApplicationSupportsIndirectInputEvents[sdk=iphonesimulator*]" = YES;
				"INFOPLIST_KEY_UILaunchScreen_Generation[sdk=iphoneos*]" = YES;
				"INFOPLIST_KEY_UILaunchScreen_Generation[sdk=iphonesimulator*]" = YES;
				INFOPLIST_KEY_UILaunchStoryboardName = "";
				INFOPLIST_KEY_UIRequiresFullScreen = YES;
				"INFOPLIST_KEY_UIStatusBarStyle[sdk=iphoneos*]" = UIStatusBarStyleDefault;
				"INFOPLIST_KEY_UIStatusBarStyle[sdk=iphonesimulator*]" = UIStatusBarStyleDefault;
				INFOPLIST_KEY_UISupportedInterfaceOrientations_iPad = "UIInterfaceOrientationPortrait UIInterfaceOrientationPortraitUpsideDown UIInterfaceOrientationLandscapeLeft UIInterfaceOrientationLandscapeRight";
				INFOPLIST_KEY_UISupportedInterfaceOrientations_iPhone = "UIInterfaceOrientationPortrait UIInterfaceOrientationLandscapeLeft UIInterfaceOrientationLandscapeRight";
				IPHONEOS_DEPLOYMENT_TARGET = 17.1;
				LD_RUNPATH_SEARCH_PATHS = "@executable_path/Frameworks";
				"LD_RUNPATH_SEARCH_PATHS[sdk=macosx*]" = "@executable_path/../Frameworks";
				MACOSX_DEPLOYMENT_TARGET = 15.0;
				MARKETING_VERSION = 6.0;
				PRODUCT_BUNDLE_IDENTIFIER = nl.desbeers.kodio;
				PRODUCT_NAME = "$(TARGET_NAME)";
				SDKROOT = auto;
				SUPPORTED_PLATFORMS = macosx;
				SUPPORTS_MACCATALYST = NO;
				SWIFT_EMIT_LOC_STRINGS = YES;
				SWIFT_STRICT_CONCURRENCY = complete;
				SWIFT_UPCOMING_FEATURE_INFER_SENDABLE_FROM_CAPTURES = YES;
				SWIFT_VERSION = 6.0;
			};
			name = Debug;
		};
		D7A84CB52A9151EB004BA2DA /* Release */ = {
			isa = XCBuildConfiguration;
			buildSettings = {
				ASSETCATALOG_COMPILER_APPICON_NAME = AppIcon;
				ASSETCATALOG_COMPILER_GLOBAL_ACCENT_COLOR_NAME = AccentColor;
				CODE_SIGN_ENTITLEMENTS = Kodio/General/Kodio.entitlements;
				CODE_SIGN_STYLE = Automatic;
				CURRENT_PROJECT_VERSION = 1;
				DEAD_CODE_STRIPPING = YES;
				DEVELOPMENT_TEAM = FHPCJ7396C;
				ENABLE_HARDENED_RUNTIME = YES;
				ENABLE_PREVIEWS = YES;
				ENABLE_USER_SCRIPT_SANDBOXING = NO;
				GENERATE_INFOPLIST_FILE = YES;
				INFOPLIST_FILE = Kodio/General/Kodio.plist;
				INFOPLIST_KEY_LSApplicationCategoryType = "public.app-category.music";
				INFOPLIST_KEY_NSAppleEventsUsageDescription = "Kodio want to access Music to sync ratings and playcounts";
				INFOPLIST_KEY_NSLocalNetworkUsageDescription = "Access Kodi on your network";
				"INFOPLIST_KEY_UIApplicationSceneManifest_Generation[sdk=iphoneos*]" = YES;
				"INFOPLIST_KEY_UIApplicationSceneManifest_Generation[sdk=iphonesimulator*]" = YES;
				"INFOPLIST_KEY_UIApplicationSupportsIndirectInputEvents[sdk=iphoneos*]" = YES;
				"INFOPLIST_KEY_UIApplicationSupportsIndirectInputEvents[sdk=iphonesimulator*]" = YES;
				"INFOPLIST_KEY_UILaunchScreen_Generation[sdk=iphoneos*]" = YES;
				"INFOPLIST_KEY_UILaunchScreen_Generation[sdk=iphonesimulator*]" = YES;
				INFOPLIST_KEY_UILaunchStoryboardName = "";
				INFOPLIST_KEY_UIRequiresFullScreen = YES;
				"INFOPLIST_KEY_UIStatusBarStyle[sdk=iphoneos*]" = UIStatusBarStyleDefault;
				"INFOPLIST_KEY_UIStatusBarStyle[sdk=iphonesimulator*]" = UIStatusBarStyleDefault;
				INFOPLIST_KEY_UISupportedInterfaceOrientations_iPad = "UIInterfaceOrientationPortrait UIInterfaceOrientationPortraitUpsideDown UIInterfaceOrientationLandscapeLeft UIInterfaceOrientationLandscapeRight";
				INFOPLIST_KEY_UISupportedInterfaceOrientations_iPhone = "UIInterfaceOrientationPortrait UIInterfaceOrientationLandscapeLeft UIInterfaceOrientationLandscapeRight";
				IPHONEOS_DEPLOYMENT_TARGET = 17.1;
				LD_RUNPATH_SEARCH_PATHS = "@executable_path/Frameworks";
				"LD_RUNPATH_SEARCH_PATHS[sdk=macosx*]" = "@executable_path/../Frameworks";
				MACOSX_DEPLOYMENT_TARGET = 15.0;
				MARKETING_VERSION = 6.0;
				PRODUCT_BUNDLE_IDENTIFIER = nl.desbeers.kodio;
				PRODUCT_NAME = "$(TARGET_NAME)";
				SDKROOT = auto;
				SUPPORTED_PLATFORMS = macosx;
				SUPPORTS_MACCATALYST = NO;
				SWIFT_EMIT_LOC_STRINGS = YES;
				SWIFT_STRICT_CONCURRENCY = complete;
				SWIFT_UPCOMING_FEATURE_INFER_SENDABLE_FROM_CAPTURES = YES;
				SWIFT_VERSION = 6.0;
			};
			name = Release;
		};
/* End XCBuildConfiguration section */

/* Begin XCConfigurationList section */
		D7A84C9F2A9151E8004BA2DA /* Build configuration list for PBXProject "Kodio" */ = {
			isa = XCConfigurationList;
			buildConfigurations = (
				D7A84CB12A9151EB004BA2DA /* Debug */,
				D7A84CB22A9151EB004BA2DA /* Release */,
			);
			defaultConfigurationIsVisible = 0;
			defaultConfigurationName = Release;
		};
		D7A84CB32A9151EB004BA2DA /* Build configuration list for PBXNativeTarget "Kodio" */ = {
			isa = XCConfigurationList;
			buildConfigurations = (
				D7A84CB42A9151EB004BA2DA /* Debug */,
				D7A84CB52A9151EB004BA2DA /* Release */,
			);
			defaultConfigurationIsVisible = 0;
			defaultConfigurationName = Release;
		};
/* End XCConfigurationList section */

/* Begin XCRemoteSwiftPackageReference section */
		D7A84D172A9154EB004BA2DA /* XCRemoteSwiftPackageReference "SwiftlyKodiAPI" */ = {
			isa = XCRemoteSwiftPackageReference;
			repositoryURL = "https://github.com/Desbeers/SwiftlyKodiAPI";
			requirement = {
				branch = main;
				kind = branch;
			};
		};
/* End XCRemoteSwiftPackageReference section */

/* Begin XCSwiftPackageProductDependency section */
		D7A84D182A9154EB004BA2DA /* SwiftlyKodiAPI */ = {
			isa = XCSwiftPackageProductDependency;
			package = D7A84D172A9154EB004BA2DA /* XCRemoteSwiftPackageReference "SwiftlyKodiAPI" */;
			productName = SwiftlyKodiAPI;
		};
/* End XCSwiftPackageProductDependency section */
	};
	rootObject = D7A84C9C2A9151E8004BA2DA /* Project object */;
}
